{
	"requires": true,
	"lockfileVersion": 1,
	"dependencies": {
		"exifr": {
			"version": "4.3.3",
			"resolved": "https://registry.npmjs.org/exifr/-/exifr-4.3.3.tgz",
			"integrity": "sha512-hUARnPHem9xcPxzfREzTZpj4PL/1WZQVPG0g0qSJoL/CLN9q9jEk7bv5rvCjOKVlW+kwMCzZ++malBfXF77buw=="
		},
		"namespace-emitter": {
			"version": "2.0.1",
			"resolved": "https://registry.npmjs.org/namespace-emitter/-/namespace-emitter-2.0.1.tgz",
			"integrity": "sha512-N/sMKHniSDJBjfrkbS/tpkPj4RAbvW3mr8UAzvlMHyun93XEm83IAvhWtJVHo+RHn/oO8Job5YN4b+wRjSVp5g=="
		}
	},
	"version": "1.5.5"
}
