{
	"requires": true,
	"lockfileVersion": 1,
	"dependencies": {
		"after": {
			"version": "0.8.2",
			"resolved": "https://registry.npmjs.org/after/-/after-0.8.2.tgz",
			"integrity": "sha1-/ts5T58OAqqXaOcCvaI7UF+ufh8="
		},
		"arraybuffer.slice": {
			"version": "0.0.7",
			"resolved": "https://registry.npmjs.org/arraybuffer.slice/-/arraybuffer.slice-0.0.7.tgz",
			"integrity": "sha512-wGUIVQXuehL5TCqQun8OW81jGzAWycqzFF8lFp+GOM5BXLYj3bKNsYC4daB7n6XjCqxQA/qgTJ+8ANR3acjrog=="
		},
		"async-limiter": {
			"version": "1.0.0",
			"resolved": "https://registry.npmjs.org/async-limiter/-/async-limiter-1.0.0.tgz",
			"integrity": "sha512-jp/uFnooOiO+L211eZOoSyzpOITMXx1rBITauYykG3BRYPu8h0UcxsPNB04RR5vo4Tyz3+ay17tR6JVf9qzYWg=="
		},
		"backo2": {
			"version": "1.0.2",
			"resolved": "https://registry.npmjs.org/backo2/-/backo2-1.0.2.tgz",
			"integrity": "sha1-MasayLEpNjRj41s+u2n038+6eUc="
		},
		"base64-arraybuffer": {
			"version": "0.1.5",
			"resolved": "https://registry.npmjs.org/base64-arraybuffer/-/base64-arraybuffer-0.1.5.tgz",
			"integrity": "sha1-c5JncZI7Whl0etZmqlzUv5xunOg="
		},
		"better-assert": {
			"version": "1.0.2",
			"resolved": "https://registry.npmjs.org/better-assert/-/better-assert-1.0.2.tgz",
			"integrity": "sha1-QIZrnhueC1W0gYlDEeaPr/rrxSI=",
			"requires": {
				"callsite": "1.0.0"
			}
		},
		"blob": {
			"version": "0.0.4",
			"resolved": "https://registry.npmjs.org/blob/-/blob-0.0.4.tgz",
			"integrity": "sha1-vPEwUspURj8w+fx+lbmkdjCpSSE="
		},
		"callsite": {
			"version": "1.0.0",
			"resolved": "https://registry.npmjs.org/callsite/-/callsite-1.0.0.tgz",
			"integrity": "sha1-KAOY5dZkvXQDi28JBRU+borxvCA="
		},
		"component-bind": {
			"version": "1.0.0",
			"resolved": "https://registry.npmjs.org/component-bind/-/component-bind-1.0.0.tgz",
			"integrity": "sha1-AMYIq33Nk4l8AAllGx06jh5zu9E="
		},
		"component-emitter": {
			"version": "1.2.1",
			"resolved": "https://registry.npmjs.org/component-emitter/-/component-emitter-1.2.1.tgz",
			"integrity": "sha1-E3kY1teCg/ffemt8WmPhQOaUJeY="
		},
		"component-inherit": {
			"version": "0.0.3",
			"resolved": "https://registry.npmjs.org/component-inherit/-/component-inherit-0.0.3.tgz",
			"integrity": "sha1-ZF/ErfWLcrZJ1crmUTVhnbJv8UM="
		},
		"debug": {
			"version": "3.1.0",
			"resolved": "https://registry.npmjs.org/debug/-/debug-3.1.0.tgz",
			"integrity": "sha512-OX8XqP7/1a9cqkxYw2yXss15f26NKWBpDXQd0/uK/KPqdQhxbPa994hnzjcE2VqQpDslf55723cKPUOGSmMY3g==",
			"requires": {
				"ms": "2.0.0"
			}
		},
		"engine.io-parser": {
			"version": "2.1.2",
			"resolved": "https://registry.npmjs.org/engine.io-parser/-/engine.io-parser-2.1.2.tgz",
			"integrity": "sha512-dInLFzr80RijZ1rGpx1+56/uFoH7/7InhH3kZt+Ms6hT8tNx3NGW/WNSA/f8As1WkOfkuyb3tnRyuXGxusclMw==",
			"requires": {
				"after": "0.8.2",
				"arraybuffer.slice": "~0.0.7",
				"base64-arraybuffer": "0.1.5",
				"blob": "0.0.4",
				"has-binary2": "~1.0.2"
			}
		},
		"has-binary2": {
			"version": "1.0.3",
			"resolved": "https://registry.npmjs.org/has-binary2/-/has-binary2-1.0.3.tgz",
			"integrity": "sha512-G1LWKhDSvhGeAQ8mPVQlqNcOB2sJdwATtZKl2pDKKHfpf/rYj24lkinxf69blJbnsvtqqNU+L3SL50vzZhXOnw==",
			"requires": {
				"isarray": "2.0.1"
			}
		},
		"has-cors": {
			"version": "1.1.0",
			"resolved": "https://registry.npmjs.org/has-cors/-/has-cors-1.1.0.tgz",
			"integrity": "sha1-XkdHk/fqmEPRu5nCPu9J/xJv/zk="
		},
		"indexof": {
			"version": "0.0.1",
			"resolved": "https://registry.npmjs.org/indexof/-/indexof-0.0.1.tgz",
			"integrity": "sha1-gtwzbSMrkGIXnQWrMpOmYFn9Q10="
		},
		"isarray": {
			"version": "2.0.1",
			"resolved": "https://registry.npmjs.org/isarray/-/isarray-2.0.1.tgz",
			"integrity": "sha1-o32U7ZzaLVmGXJ92/llu4fM4dB4="
		},
		"ms": {
			"version": "2.0.0",
			"resolved": "https://registry.npmjs.org/ms/-/ms-2.0.0.tgz",
			"integrity": "sha1-VgiurfwAvmwpAd9fmGF4jeDVl8g="
		},
		"namespace-emitter": {
			"version": "2.0.1",
			"resolved": "https://registry.npmjs.org/namespace-emitter/-/namespace-emitter-2.0.1.tgz",
			"integrity": "sha512-N/sMKHniSDJBjfrkbS/tpkPj4RAbvW3mr8UAzvlMHyun93XEm83IAvhWtJVHo+RHn/oO8Job5YN4b+wRjSVp5g=="
		},
		"object-component": {
			"version": "0.0.3",
			"resolved": "https://registry.npmjs.org/object-component/-/object-component-0.0.3.tgz",
			"integrity": "sha1-8MaapQ78lbhmwYb0AKM3acsvEpE="
		},
		"parseqs": {
			"version": "0.0.5",
			"resolved": "https://registry.npmjs.org/parseqs/-/parseqs-0.0.5.tgz",
			"integrity": "sha1-1SCKNzjkZ2bikbouoXNoSSGouJ0=",
			"requires": {
				"better-assert": "~1.0.0"
			}
		},
		"parseuri": {
			"version": "0.0.5",
			"resolved": "https://registry.npmjs.org/parseuri/-/parseuri-0.0.5.tgz",
			"integrity": "sha1-gCBKUNTbt3m/3G6+J3jZDkvOMgo=",
			"requires": {
				"better-assert": "~1.0.0"
			}
		},
		"querystringify": {
			"version": "2.0.0",
			"resolved": "https://registry.npmjs.org/querystringify/-/querystringify-2.0.0.tgz",
			"integrity": "sha512-eTPo5t/4bgaMNZxyjWx6N2a6AuE0mq51KWvpc7nU/MAqixcI6v6KrGUKES0HaomdnolQBBXU/++X6/QQ9KL4tw=="
		},
		"requires-port": {
			"version": "1.0.0",
			"resolved": "https://registry.npmjs.org/requires-port/-/requires-port-1.0.0.tgz",
			"integrity": "sha1-kl0mAdOaxIXgkc8NpcbmlNw9yv8="
		},
		"socket.io-client": {
			"version": "2.2.0",
			"resolved": "https://registry.npmjs.org/socket.io-client/-/socket.io-client-2.2.0.tgz",
			"integrity": "sha512-56ZrkTDbdTLmBIyfFYesgOxsjcLnwAKoN4CiPyTVkMQj3zTUh0QAx3GbvIvLpFEOvQWu92yyWICxB0u7wkVbYA==",
			"requires": {
				"backo2": "1.0.2",
				"base64-arraybuffer": "0.1.5",
				"component-bind": "1.0.0",
				"component-emitter": "1.2.1",
				"debug": "~3.1.0",
				"engine.io-client": "~3.3.1",
				"has-binary2": "~1.0.2",
				"has-cors": "1.1.0",
				"indexof": "0.0.1",
				"object-component": "0.0.3",
				"parseqs": "0.0.5",
				"parseuri": "0.0.5",
				"socket.io-parser": "~3.3.0",
				"to-array": "0.1.4"
			},
			"dependencies": {
				"engine.io-client": {
					"version": "3.3.1",
					"resolved": "https://registry.npmjs.org/engine.io-client/-/engine.io-client-3.3.1.tgz",
					"integrity": "sha512-q66JBFuQcy7CSlfAz9L3jH+v7DTT3i6ZEadYcVj2pOs8/0uJHLxKX3WBkGTvULJMdz0tUCyJag0aKT/dpXL9BQ==",
					"requires": {
						"component-emitter": "1.2.1",
						"component-inherit": "0.0.3",
						"debug": "~3.1.0",
						"engine.io-parser": "~2.1.1",
						"has-cors": "1.1.0",
						"indexof": "0.0.1",
						"parseqs": "0.0.5",
						"parseuri": "0.0.5",
						"ws": "~6.1.0",
						"xmlhttprequest-ssl": "~1.5.4",
						"yeast": "0.1.2"
					}
				},
				"socket.io-parser": {
					"version": "3.3.0",
					"resolved": "https://registry.npmjs.org/socket.io-parser/-/socket.io-parser-3.3.0.tgz",
					"integrity": "sha512-hczmV6bDgdaEbVqhAeVMM/jfUfzuEZHsQg6eOmLgJht6G3mPKMxYm75w2+qhAQZ+4X+1+ATZ+QFKeOZD5riHng==",
					"requires": {
						"component-emitter": "1.2.1",
						"debug": "~3.1.0",
						"isarray": "2.0.1"
					}
				},
				"ws": {
					"version": "6.1.2",
					"resolved": "https://registry.npmjs.org/ws/-/ws-6.1.2.tgz",
					"integrity": "sha512-rfUqzvz0WxmSXtJpPMX2EeASXabOrSMk1ruMOV3JBTBjo4ac2lDjGGsbQSyxj8Odhw5fBib8ZKEjDNvgouNKYw==",
					"requires": {
						"async-limiter": "~1.0.0"
					}
				}
			}
		},
		"to-array": {
			"version": "0.1.4",
			"resolved": "https://registry.npmjs.org/to-array/-/to-array-0.1.4.tgz",
			"integrity": "sha1-F+bBH3PdTz10zaek/zI46a2b+JA="
		},
		"url-parse": {
			"version": "1.4.4",
			"resolved": "https://registry.npmjs.org/url-parse/-/url-parse-1.4.4.tgz",
			"integrity": "sha512-/92DTTorg4JjktLNLe6GPS2/RvAd/RGr6LuktmWSMLEOa6rjnlrFXNgSbSmkNvCoL2T028A0a1JaJLzRMlFoHg==",
			"requires": {
				"querystringify": "^2.0.0",
				"requires-port": "^1.0.0"
			}
		},
		"xmlhttprequest-ssl": {
			"version": "1.5.5",
			"resolved": "https://registry.npmjs.org/xmlhttprequest-ssl/-/xmlhttprequest-ssl-1.5.5.tgz",
			"integrity": "sha1-wodrBhaKrcQOV9l+gRkayPQ5iz4="
		},
		"yeast": {
			"version": "0.1.2",
			"resolved": "https://registry.npmjs.org/yeast/-/yeast-0.1.2.tgz",
			"integrity": "sha1-AI4G2AlDIMNy28L47XagymyKxBk="
		}
	},
	"version": "1.5.2"
}
