{
	"name": "@uppy/dashboard",
	"version": "0.27.2",
	"lockfileVersion": 1,
	"requires": true,
	"dependencies": {
		"blob-to-buffer": {
			"version": "1.2.8",
			"resolved": "https://registry.npmjs.org/blob-to-buffer/-/blob-to-buffer-1.2.8.tgz",
			"integrity": "sha512-re0AIxakF504MgeMtIyJkVcZ8T5aUxtp/QmTMlmjyb3P44E1BEv5x3LATBGApWAJATyXHtkXRD+gWTmeyYLiQA=="
		},
		"drag-drop": {
			"version": "2.13.3",
			"resolved": "https://registry.npmjs.org/drag-drop/-/drag-drop-2.13.3.tgz",
			"integrity": "sha512-g+qp+ssi6+v9Qnyyco0dfyA9sYZYYDddGbc0STdMHc9hfyHeYzqGs4v18jFksgHDtYBWf+ocnUkO6jF7MbFudg==",
			"requires": {
				"blob-to-buffer": "^1.0.2",
				"flatten": "^1.0.2",
				"run-parallel": "^1.0.0"
			}
		},
		"flatten": {
			"version": "1.0.2",
			"resolved": "https://registry.npmjs.org/flatten/-/flatten-1.0.2.tgz",
			"integrity": "sha1-2uRqnXj74lKSJYzB54CkHZXAN4I="
		},
		"preact": {
			"version": "8.3.1",
			"resolved": "https://registry.npmjs.org/preact/-/preact-8.3.1.tgz",
			"integrity": "sha512-s8H1Y8O9e+mOBo3UP1jvWqArPmjCba2lrrGLlq/0kN1XuIINUbYtf97iiXKxCuG3eYwmppPKnyW2DBrNj/TuTg=="
		},
		"run-parallel": {
			"version": "1.1.9",
			"resolved": "https://registry.npmjs.org/run-parallel/-/run-parallel-1.1.9.tgz",
			"integrity": "sha512-DEqnSRTDw/Tc3FXf49zedI638Z9onwUotBMiUFKmrO2sdFKIbXamXGQ3Axd4qgphxKB4kw/qP1w5kTxnfU1B9Q=="
		}
	}
}
