{
	"name": "@uppy/xhr-upload",
	"version": "0.27.1",
	"lockfileVersion": 1,
	"requires": true,
	"dependencies": {
		"cuid": {
			"version": "2.1.3",
			"resolved": "https://registry.npmjs.org/cuid/-/cuid-2.1.3.tgz",
			"integrity": "sha512-498QEE+3IgFQ/EGH4VF6Rq4j5zhJiEdG/0bpESerczmNDCdnxmPav/eDC45sDe1cnMQTh6btKxChTGG8IkVGGg=="
		}
	}
}
