{
  "name": "@uppy/golden-retriever",
  "version": "1.3.13",
  "lockfileVersion": 1,
  "requires": true,
  "dependencies": {
    "@transloadit/prettier-bytes": {
      "version": "0.0.7",
      "resolved": "https://registry.npmjs.org/@transloadit/prettier-bytes/-/prettier-bytes-0.0.7.tgz",
      "integrity": "sha512-VeJbUb0wEKbcwaSlj5n+LscBl9IPgLPkHVGBkh00cztv6X4L/TJXK58LzFuBKX7/GAfiGhIwH67YTLTlzvIzBA=="
    },
    "@uppy/utils": {
      "version": "file:../utils",
      "requires": {
        "lodash.throttle": "^4.1.1"
      },
      "dependencies": {
        "lodash.throttle": {
          "version": "4.1.1",
          "resolved": "https://registry.npmjs.org/lodash.throttle/-/lodash.throttle-4.1.1.tgz",
          "integrity": "sha1-wj6RtxAkKscMN/HhzaknTMOb8vQ="
        }
      }
    }
  }
}
