{
	"name": "@uppy/golden-retriever",
	"version": "0.27.1",
	"lockfileVersion": 1,
	"requires": true,
	"dependencies": {
		"prettier-bytes": {
			"version": "1.0.4",
			"resolved": "https://registry.npmjs.org/prettier-bytes/-/prettier-bytes-1.0.4.tgz",
			"integrity": "sha1-mUsCqkb2mcULYle1+qp/4lV+YtY="
		}
	}
}
