{
  "name": "@uppy/golden-retriever",
  "version": "1.3.27",
  "lockfileVersion": 2,
  "requires": true,
  "packages": {
    "": {
      "version": "1.3.27",
      "license": "MIT",
      "dependencies": {
        "@transloadit/prettier-bytes": "0.0.7",
        "@uppy/utils": "file:../utils",
        "lodash.throttle": "^4.1.1"
      },
      "peerDependencies": {
        "@uppy/core": "^1.0.0"
      }
    },
    "../utils": {
      "version": "3.5.0",
      "license": "MIT",
      "dependencies": {
        "abortcontroller-polyfill": "^1.4.0",
        "lodash.throttle": "^4.1.1"
      }
    },
    "node_modules/@transloadit/prettier-bytes": {
      "version": "0.0.7",
      "resolved": "https://registry.npmjs.org/@transloadit/prettier-bytes/-/prettier-bytes-0.0.7.tgz",
      "integrity": "sha512-VeJbUb0wEKbcwaSlj5n+LscBl9IPgLPkHVGBkh00cztv6X4L/TJXK58LzFuBKX7/GAfiGhIwH67YTLTlzvIzBA=="
    },
    "node_modules/@uppy/core": {
      "version": "1.18.0",
      "resolved": "https://registry.npmjs.org/@uppy/core/-/core-1.18.0.tgz",
      "integrity": "sha512-ddon7JWV8l1Gm/A7Y2akNa6wAJF1rBs5N4TMVbcBeYaBUBpDIm3e+HbfbbL5VCuHxTo/bkiyN46zRxA5tv63lw==",
      "peer": true,
      "dependencies": {
        "@transloadit/prettier-bytes": "0.0.7",
        "@uppy/store-default": "^1.2.6",
        "@uppy/utils": "^3.5.0",
        "cuid": "^2.1.1",
        "lodash.throttle": "^4.1.1",
        "mime-match": "^1.0.2",
        "namespace-emitter": "^2.0.1",
        "preact": "8.2.9"
      }
    },
    "node_modules/@uppy/store-default": {
      "version": "1.2.6",
      "resolved": "https://registry.npmjs.org/@uppy/store-default/-/store-default-1.2.6.tgz",
      "integrity": "sha512-YnWSq06iPli5LMkmC1XgNiYvaefPKiBQPD4sQ+SxR95DLymBBv5Q5cFhtxywnfB9Fs8YlVcFg/mJ4OzBbXd6nA==",
      "peer": true
    },
    "node_modules/@uppy/utils": {
      "resolved": "../utils",
      "link": true
    },
    "node_modules/cuid": {
      "version": "2.1.8",
      "resolved": "https://registry.npmjs.org/cuid/-/cuid-2.1.8.tgz",
      "integrity": "sha512-xiEMER6E7TlTPnDxrM4eRiC6TRgjNX9xzEZ5U/Se2YJKr7Mq4pJn/2XEHjl3STcSh96GmkHPcBXLES8M29wyyg==",
      "peer": true
    },
    "node_modules/lodash.throttle": {
      "version": "4.1.1",
      "resolved": "https://registry.npmjs.org/lodash.throttle/-/lodash.throttle-4.1.1.tgz",
      "integrity": "sha1-wj6RtxAkKscMN/HhzaknTMOb8vQ="
    },
    "node_modules/mime-match": {
      "version": "1.0.2",
      "resolved": "https://registry.npmjs.org/mime-match/-/mime-match-1.0.2.tgz",
      "integrity": "sha1-P4fDHprxpf1IX7nbE0Qosju7e6g=",
      "peer": true,
      "dependencies": {
        "wildcard": "^1.1.0"
      }
    },
    "node_modules/namespace-emitter": {
      "version": "2.0.1",
      "resolved": "https://registry.npmjs.org/namespace-emitter/-/namespace-emitter-2.0.1.tgz",
      "integrity": "sha512-N/sMKHniSDJBjfrkbS/tpkPj4RAbvW3mr8UAzvlMHyun93XEm83IAvhWtJVHo+RHn/oO8Job5YN4b+wRjSVp5g==",
      "peer": true
    },
    "node_modules/preact": {
      "version": "8.2.9",
      "resolved": "https://registry.npmjs.org/preact/-/preact-8.2.9.tgz",
      "integrity": "sha512-ThuGXBmJS3VsT+jIP+eQufD3L8pRw/PY3FoCys6O9Pu6aF12Pn9zAJDX99TfwRAFOCEKm/P0lwiPTbqKMJp0fA==",
      "hasInstallScript": true,
      "peer": true
    },
    "node_modules/wildcard": {
      "version": "1.1.2",
      "resolved": "https://registry.npmjs.org/wildcard/-/wildcard-1.1.2.tgz",
      "integrity": "sha1-pwIEUwhNjNLv5wup02liY94XEKU=",
      "peer": true
    }
  },
  "dependencies": {
    "@transloadit/prettier-bytes": {
      "version": "0.0.7",
      "resolved": "https://registry.npmjs.org/@transloadit/prettier-bytes/-/prettier-bytes-0.0.7.tgz",
      "integrity": "sha512-VeJbUb0wEKbcwaSlj5n+LscBl9IPgLPkHVGBkh00cztv6X4L/TJXK58LzFuBKX7/GAfiGhIwH67YTLTlzvIzBA=="
    },
    "@uppy/core": {
      "version": "1.18.0",
      "resolved": "https://registry.npmjs.org/@uppy/core/-/core-1.18.0.tgz",
      "integrity": "sha512-ddon7JWV8l1Gm/A7Y2akNa6wAJF1rBs5N4TMVbcBeYaBUBpDIm3e+HbfbbL5VCuHxTo/bkiyN46zRxA5tv63lw==",
      "peer": true,
      "requires": {
        "@transloadit/prettier-bytes": "0.0.7",
        "@uppy/store-default": "^1.2.6",
        "@uppy/utils": "^3.5.0",
        "cuid": "^2.1.1",
        "lodash.throttle": "^4.1.1",
        "mime-match": "^1.0.2",
        "namespace-emitter": "^2.0.1",
        "preact": "8.2.9"
      }
    },
    "@uppy/store-default": {
      "version": "1.2.6",
      "resolved": "https://registry.npmjs.org/@uppy/store-default/-/store-default-1.2.6.tgz",
      "integrity": "sha512-YnWSq06iPli5LMkmC1XgNiYvaefPKiBQPD4sQ+SxR95DLymBBv5Q5cFhtxywnfB9Fs8YlVcFg/mJ4OzBbXd6nA==",
      "peer": true
    },
    "@uppy/utils": {
      "version": "file:../utils",
      "requires": {
        "abortcontroller-polyfill": "^1.4.0",
        "lodash.throttle": "^4.1.1"
      }
    },
    "cuid": {
      "version": "2.1.8",
      "resolved": "https://registry.npmjs.org/cuid/-/cuid-2.1.8.tgz",
      "integrity": "sha512-xiEMER6E7TlTPnDxrM4eRiC6TRgjNX9xzEZ5U/Se2YJKr7Mq4pJn/2XEHjl3STcSh96GmkHPcBXLES8M29wyyg==",
      "peer": true
    },
    "lodash.throttle": {
      "version": "4.1.1",
      "resolved": "https://registry.npmjs.org/lodash.throttle/-/lodash.throttle-4.1.1.tgz",
      "integrity": "sha1-wj6RtxAkKscMN/HhzaknTMOb8vQ="
    },
    "mime-match": {
      "version": "1.0.2",
      "resolved": "https://registry.npmjs.org/mime-match/-/mime-match-1.0.2.tgz",
      "integrity": "sha1-P4fDHprxpf1IX7nbE0Qosju7e6g=",
      "peer": true,
      "requires": {
        "wildcard": "^1.1.0"
      }
    },
    "namespace-emitter": {
      "version": "2.0.1",
      "resolved": "https://registry.npmjs.org/namespace-emitter/-/namespace-emitter-2.0.1.tgz",
      "integrity": "sha512-N/sMKHniSDJBjfrkbS/tpkPj4RAbvW3mr8UAzvlMHyun93XEm83IAvhWtJVHo+RHn/oO8Job5YN4b+wRjSVp5g==",
      "peer": true
    },
    "preact": {
      "version": "8.2.9",
      "resolved": "https://registry.npmjs.org/preact/-/preact-8.2.9.tgz",
      "integrity": "sha512-ThuGXBmJS3VsT+jIP+eQufD3L8pRw/PY3FoCys6O9Pu6aF12Pn9zAJDX99TfwRAFOCEKm/P0lwiPTbqKMJp0fA==",
      "peer": true
    },
    "wildcard": {
      "version": "1.1.2",
      "resolved": "https://registry.npmjs.org/wildcard/-/wildcard-1.1.2.tgz",
      "integrity": "sha1-pwIEUwhNjNLv5wup02liY94XEKU=",
      "peer": true
    }
  }
}
