{
  "name": "uppy",
  "version": "0.27.2",
  "lockfileVersion": 1,
  "requires": true,
  "dependencies": {
    "@uppy/aws-s3": {
      "version": "0.27.1",
      "resolved": "https://registry.npmjs.org/@uppy/aws-s3/-/aws-s3-0.27.1.tgz",
      "integrity": "sha512-l0YonLU2+DjvZn4D890SPu8NFqYXcvYLvXOu6V8MP37AKq4OR9ZGmYY7oaqr9H578aMmSp1v3EZkVw8RD7CXuA==",
      "requires": {
        "@uppy/utils": "0.27.0",
        "@uppy/xhr-upload": "0.27.1",
        "resolve-url": "^0.2.1"
      },
      "dependencies": {
        "@uppy/utils": {
          "version": "0.27.0",
          "resolved": "https://registry.npmjs.org/@uppy/utils/-/utils-0.27.0.tgz",
          "integrity": "sha512-+0RlbFMYhysjHnd+GEn2U8En4kWS2FrASrkaCs9BS56ii9PHk9Kwa5IXDdiB7rS4i/I7N0fzLzdAvCD3VHs79Q==",
          "requires": {
            "lodash.throttle": "^4.1.1"
          }
        }
      }
    },
    "@uppy/aws-s3-multipart": {
      "version": "0.27.1",
      "resolved": "https://registry.npmjs.org/@uppy/aws-s3-multipart/-/aws-s3-multipart-0.27.1.tgz",
      "integrity": "sha512-dlRbkHKAQic9QjgS075wfGG6nUGbPDcT23Bq66GBu79Dg5TFIwrD01peClEoNgpHcbebimEKHluLrTuy4wOwzg==",
      "requires": {
        "@uppy/companion-client": "0.27.1",
        "@uppy/utils": "0.27.0",
        "resolve-url": "^0.2.1"
      },
      "dependencies": {
        "@uppy/utils": {
          "version": "0.27.0",
          "resolved": "https://registry.npmjs.org/@uppy/utils/-/utils-0.27.0.tgz",
          "integrity": "sha512-+0RlbFMYhysjHnd+GEn2U8En4kWS2FrASrkaCs9BS56ii9PHk9Kwa5IXDdiB7rS4i/I7N0fzLzdAvCD3VHs79Q==",
          "requires": {
            "lodash.throttle": "^4.1.1"
          }
        }
      }
    },
    "@uppy/companion-client": {
      "version": "0.27.1",
      "resolved": "https://registry.npmjs.org/@uppy/companion-client/-/companion-client-0.27.1.tgz",
      "integrity": "sha512-AfFaCB2N69ezy9UBqoix9aMr0/LRx5WU+2OgiY57BRhPmZEy71SWMDyRVl9V7HZ+oKIYjjOhBqp+pdS628tl5w==",
      "requires": {
        "namespace-emitter": "^2.0.1"
      }
    },
    "@uppy/core": {
      "version": "0.27.0",
      "resolved": "https://registry.npmjs.org/@uppy/core/-/core-0.27.0.tgz",
      "integrity": "sha512-/C1Y7hq3HWh9TWBTlsPfhSitvXzw72O8K9emY73BjzBEunKhMjmnBAzTjv7zCgsL51rOjGe9U2ozp52b0QTV6g==",
      "requires": {
        "@uppy/store-default": "0.27.0",
        "@uppy/utils": "0.27.0",
        "cuid": "^2.1.1",
        "lodash.throttle": "^4.1.1",
        "mime-match": "^1.0.2",
        "namespace-emitter": "^2.0.1",
        "preact": "^8.2.9",
        "prettier-bytes": "^1.0.4"
      },
      "dependencies": {
        "@uppy/utils": {
          "version": "0.27.0",
          "resolved": "https://registry.npmjs.org/@uppy/utils/-/utils-0.27.0.tgz",
          "integrity": "sha512-+0RlbFMYhysjHnd+GEn2U8En4kWS2FrASrkaCs9BS56ii9PHk9Kwa5IXDdiB7rS4i/I7N0fzLzdAvCD3VHs79Q==",
          "requires": {
            "lodash.throttle": "^4.1.1"
          }
        }
      }
    },
    "@uppy/dashboard": {
      "version": "0.27.2",
      "resolved": "https://registry.npmjs.org/@uppy/dashboard/-/dashboard-0.27.2.tgz",
      "integrity": "sha512-cfdp/PmRvZdwpKFs9wRrILEmqQY6b2uYQNFdLn/LZtOLyztElMGEYaP8qeFOifQdSGus5EvPwrWsJz5AE+70ZQ==",
      "requires": {
        "@uppy/informer": "0.27.1",
        "@uppy/provider-views": "0.27.1",
        "@uppy/status-bar": "0.27.1",
        "@uppy/thumbnail-generator": "0.27.1",
        "@uppy/utils": "0.27.0",
        "classnames": "^2.2.6",
        "drag-drop": "2.13.3",
        "lodash.throttle": "^4.1.1",
        "preact": "^8.2.9",
        "preact-css-transition-group": "^1.3.0",
        "prettier-bytes": "^1.0.4"
      },
      "dependencies": {
        "@uppy/utils": {
          "version": "0.27.0",
          "resolved": "https://registry.npmjs.org/@uppy/utils/-/utils-0.27.0.tgz",
          "integrity": "sha512-+0RlbFMYhysjHnd+GEn2U8En4kWS2FrASrkaCs9BS56ii9PHk9Kwa5IXDdiB7rS4i/I7N0fzLzdAvCD3VHs79Q==",
          "requires": {
            "lodash.throttle": "^4.1.1"
          }
        }
      }
    },
    "@uppy/drag-drop": {
      "version": "0.27.1",
      "resolved": "https://registry.npmjs.org/@uppy/drag-drop/-/drag-drop-0.27.1.tgz",
      "integrity": "sha512-PGZT9IdSrk2//UO1IEWeIbrNQgOVU2KDaYT+CnqDAsSSjufJIKO4EQBd33l45khiyNiU85Tmj1TQw8ZLdC94ow==",
      "requires": {
        "@uppy/utils": "0.27.0",
        "drag-drop": "2.13.3",
        "preact": "^8.2.9"
      },
      "dependencies": {
        "@uppy/utils": {
          "version": "0.27.0",
          "resolved": "https://registry.npmjs.org/@uppy/utils/-/utils-0.27.0.tgz",
          "integrity": "sha512-+0RlbFMYhysjHnd+GEn2U8En4kWS2FrASrkaCs9BS56ii9PHk9Kwa5IXDdiB7rS4i/I7N0fzLzdAvCD3VHs79Q==",
          "requires": {
            "lodash.throttle": "^4.1.1"
          }
        }
      }
    },
    "@uppy/dropbox": {
      "version": "0.27.1",
      "resolved": "https://registry.npmjs.org/@uppy/dropbox/-/dropbox-0.27.1.tgz",
      "integrity": "sha512-yvvt/hrx3JKzQABIgg4rarQiOF4W6btAHipKtM+IQ3rXsEBlaOBM3uu3AMLEUIn+rZBnzYm1CMcM5Ip5GcfJgQ==",
      "requires": {
        "@uppy/companion-client": "0.27.1",
        "@uppy/provider-views": "0.27.1",
        "@uppy/utils": "0.27.0",
        "preact": "^8.2.9"
      },
      "dependencies": {
        "@uppy/utils": {
          "version": "0.27.0",
          "resolved": "https://registry.npmjs.org/@uppy/utils/-/utils-0.27.0.tgz",
          "integrity": "sha512-+0RlbFMYhysjHnd+GEn2U8En4kWS2FrASrkaCs9BS56ii9PHk9Kwa5IXDdiB7rS4i/I7N0fzLzdAvCD3VHs79Q==",
          "requires": {
            "lodash.throttle": "^4.1.1"
          }
        }
      }
    },
    "@uppy/file-input": {
      "version": "0.27.1",
      "resolved": "https://registry.npmjs.org/@uppy/file-input/-/file-input-0.27.1.tgz",
      "integrity": "sha512-eZ+bNxhNK9v+8D82l5tdMnWT21ebrkHBomyVIAdL4lcM1341OgXHqfhrfRaAge7NB2bUOHrIhBHCXpHRFDU6AQ==",
      "requires": {
        "@uppy/utils": "0.27.0",
        "preact": "^8.2.9"
      },
      "dependencies": {
        "@uppy/utils": {
          "version": "0.27.0",
          "resolved": "https://registry.npmjs.org/@uppy/utils/-/utils-0.27.0.tgz",
          "integrity": "sha512-+0RlbFMYhysjHnd+GEn2U8En4kWS2FrASrkaCs9BS56ii9PHk9Kwa5IXDdiB7rS4i/I7N0fzLzdAvCD3VHs79Q==",
          "requires": {
            "lodash.throttle": "^4.1.1"
          }
        }
      }
    },
    "@uppy/form": {
      "version": "0.27.1",
      "resolved": "https://registry.npmjs.org/@uppy/form/-/form-0.27.1.tgz",
      "integrity": "sha512-lXyc/50ztxYXymo7l908tuH3uyOJO0RV78OpUah3Wk4VBnZ3onUIOhhljwwrraKpbWxKGX7M8SLXzKR4/lAOsg==",
      "requires": {
        "@uppy/utils": "0.27.0",
        "get-form-data": "^2.0.0"
      },
      "dependencies": {
        "@uppy/utils": {
          "version": "0.27.0",
          "resolved": "https://registry.npmjs.org/@uppy/utils/-/utils-0.27.0.tgz",
          "integrity": "sha512-+0RlbFMYhysjHnd+GEn2U8En4kWS2FrASrkaCs9BS56ii9PHk9Kwa5IXDdiB7rS4i/I7N0fzLzdAvCD3VHs79Q==",
          "requires": {
            "lodash.throttle": "^4.1.1"
          }
        }
      }
    },
    "@uppy/golden-retriever": {
      "version": "0.27.1",
      "resolved": "https://registry.npmjs.org/@uppy/golden-retriever/-/golden-retriever-0.27.1.tgz",
      "integrity": "sha512-/4LjWG5nLr3FSgWH6n1XGWuss+6Ybh39vdOe8Q0EF3q/JfgyFsAF9oKCbmCoIr5Q7qeNKbDz+3LYQrYA/OmoaQ==",
      "requires": {
        "@uppy/utils": "0.27.0",
        "prettier-bytes": "^1.0.4"
      },
      "dependencies": {
        "@uppy/utils": {
          "version": "0.27.0",
          "resolved": "https://registry.npmjs.org/@uppy/utils/-/utils-0.27.0.tgz",
          "integrity": "sha512-+0RlbFMYhysjHnd+GEn2U8En4kWS2FrASrkaCs9BS56ii9PHk9Kwa5IXDdiB7rS4i/I7N0fzLzdAvCD3VHs79Q==",
          "requires": {
            "lodash.throttle": "^4.1.1"
          }
        }
      }
    },
    "@uppy/google-drive": {
      "version": "0.27.2",
      "resolved": "https://registry.npmjs.org/@uppy/google-drive/-/google-drive-0.27.2.tgz",
      "integrity": "sha512-iIOkd/bUSwSvChpKGRFNAAlA9toTYA+/MojM655vZsKxgMe3R5Sm/DJe6blNwy+uE0qpwJoZyuxV53gF+N7nNw==",
      "requires": {
        "@uppy/companion-client": "0.27.1",
        "@uppy/provider-views": "0.27.1",
        "@uppy/utils": "0.27.0",
        "preact": "^8.2.9"
      },
      "dependencies": {
        "@uppy/utils": {
          "version": "0.27.0",
          "resolved": "https://registry.npmjs.org/@uppy/utils/-/utils-0.27.0.tgz",
          "integrity": "sha512-+0RlbFMYhysjHnd+GEn2U8En4kWS2FrASrkaCs9BS56ii9PHk9Kwa5IXDdiB7rS4i/I7N0fzLzdAvCD3VHs79Q==",
          "requires": {
            "lodash.throttle": "^4.1.1"
          }
        }
      }
    },
    "@uppy/informer": {
      "version": "0.27.1",
      "resolved": "https://registry.npmjs.org/@uppy/informer/-/informer-0.27.1.tgz",
      "integrity": "sha512-dlFwKS19sZa9akO9Hwg/YzCNF7ck57OMIpZqIFFEnmLXYAfYvo1rfFUSeL48g/89PBvOR/7AVD4lRQYs5dOtPA==",
      "requires": {
        "@uppy/utils": "0.27.0",
        "preact": "^8.2.9"
      },
      "dependencies": {
        "@uppy/utils": {
          "version": "0.27.0",
          "resolved": "https://registry.npmjs.org/@uppy/utils/-/utils-0.27.0.tgz",
          "integrity": "sha512-+0RlbFMYhysjHnd+GEn2U8En4kWS2FrASrkaCs9BS56ii9PHk9Kwa5IXDdiB7rS4i/I7N0fzLzdAvCD3VHs79Q==",
          "requires": {
            "lodash.throttle": "^4.1.1"
          }
        }
      }
    },
    "@uppy/instagram": {
      "version": "0.27.2",
      "resolved": "https://registry.npmjs.org/@uppy/instagram/-/instagram-0.27.2.tgz",
      "integrity": "sha512-7mzPB7E7kOrICFP5aNPXeC1mswIH2xAer1AHmPy+3skeYxyIkQx0IvNORF+JUvfFdtfPwJSd3z9glgABWDvzVw==",
      "requires": {
        "@uppy/companion-client": "0.27.1",
        "@uppy/provider-views": "0.27.1",
        "@uppy/utils": "0.27.0",
        "preact": "^8.2.9"
      },
      "dependencies": {
        "@uppy/utils": {
          "version": "0.27.0",
          "resolved": "https://registry.npmjs.org/@uppy/utils/-/utils-0.27.0.tgz",
          "integrity": "sha512-+0RlbFMYhysjHnd+GEn2U8En4kWS2FrASrkaCs9BS56ii9PHk9Kwa5IXDdiB7rS4i/I7N0fzLzdAvCD3VHs79Q==",
          "requires": {
            "lodash.throttle": "^4.1.1"
          }
        }
      }
    },
    "@uppy/progress-bar": {
      "version": "0.27.1",
      "resolved": "https://registry.npmjs.org/@uppy/progress-bar/-/progress-bar-0.27.1.tgz",
      "integrity": "sha512-lxB02LYFF0BYqL5NZnKLnWeYvsId2gpw99GViEQESlLc1ZBxrwdMgf5bSEX7cQF8pdun1HMSvMlnj2aeMNK/zw==",
      "requires": {
        "@uppy/utils": "0.27.0",
        "preact": "^8.2.9"
      },
      "dependencies": {
        "@uppy/utils": {
          "version": "0.27.0",
          "resolved": "https://registry.npmjs.org/@uppy/utils/-/utils-0.27.0.tgz",
          "integrity": "sha512-+0RlbFMYhysjHnd+GEn2U8En4kWS2FrASrkaCs9BS56ii9PHk9Kwa5IXDdiB7rS4i/I7N0fzLzdAvCD3VHs79Q==",
          "requires": {
            "lodash.throttle": "^4.1.1"
          }
        }
      }
    },
    "@uppy/provider-views": {
      "version": "0.27.1",
      "resolved": "https://registry.npmjs.org/@uppy/provider-views/-/provider-views-0.27.1.tgz",
      "integrity": "sha512-JT4UAM6XSKo68yoQd/SkNfBGTS/Gh/OKZJ/T5+vN7760NkXR0RqMP4toQJ3Y0MUBwNG4+7UZpSe9kbQpu+zgNw==",
      "requires": {
        "@uppy/utils": "0.27.0",
        "classnames": "^2.2.6",
        "preact": "^8.2.9"
      },
      "dependencies": {
        "@uppy/utils": {
          "version": "0.27.0",
          "resolved": "https://registry.npmjs.org/@uppy/utils/-/utils-0.27.0.tgz",
          "integrity": "sha512-+0RlbFMYhysjHnd+GEn2U8En4kWS2FrASrkaCs9BS56ii9PHk9Kwa5IXDdiB7rS4i/I7N0fzLzdAvCD3VHs79Q==",
          "requires": {
            "lodash.throttle": "^4.1.1"
          }
        }
      }
    },
    "@uppy/redux-dev-tools": {
      "version": "0.27.1",
      "resolved": "https://registry.npmjs.org/@uppy/redux-dev-tools/-/redux-dev-tools-0.27.1.tgz",
      "integrity": "sha512-BvUgZvM6dZbHNJn5LL96Ixm6ODSlF8YkWeBG0xBo2yQjF2n85kiU6T2fBEoQ1thqXx3IgZFn+O3T02ME5Sn3Dg=="
    },
    "@uppy/status-bar": {
      "version": "0.27.1",
      "resolved": "https://registry.npmjs.org/@uppy/status-bar/-/status-bar-0.27.1.tgz",
      "integrity": "sha512-ssoAnFFNDs2+Xd+/YpPHpp5+NgeZvN9HTpAmU5EhF8AeI8Q3ceIIAasXES7O2xO6/MKEOlV9bJsK05Dipu2qOA==",
      "requires": {
        "@uppy/utils": "0.27.0",
        "classnames": "^2.2.6",
        "lodash.throttle": "^4.1.1",
        "preact": "^8.2.9",
        "prettier-bytes": "^1.0.4"
      },
      "dependencies": {
        "@uppy/utils": {
          "version": "0.27.0",
          "resolved": "https://registry.npmjs.org/@uppy/utils/-/utils-0.27.0.tgz",
          "integrity": "sha512-+0RlbFMYhysjHnd+GEn2U8En4kWS2FrASrkaCs9BS56ii9PHk9Kwa5IXDdiB7rS4i/I7N0fzLzdAvCD3VHs79Q==",
          "requires": {
            "lodash.throttle": "^4.1.1"
          }
        }
      }
    },
    "@uppy/store-default": {
      "version": "0.27.0",
      "resolved": "https://registry.npmjs.org/@uppy/store-default/-/store-default-0.27.0.tgz",
      "integrity": "sha512-zy0DYXYcO/JyQ4Xg6KKDFnzZY3YC/YOjlfYT21BsHdLfriGBndouWV36N12vIqbNSluxdTQIDNue5mZy5BjtTQ=="
    },
    "@uppy/store-redux": {
      "version": "0.27.0",
      "resolved": "https://registry.npmjs.org/@uppy/store-redux/-/store-redux-0.27.0.tgz",
      "integrity": "sha512-hevVqvQJU0Ug75nTYgnFKFluPjSLGfQP+HClTajmq58cahgKq56DFE0yxQHIBm216c4+FI1VDL2BwkYnfjETew==",
      "requires": {
        "cuid": "^2.1.1"
      }
    },
    "@uppy/thumbnail-generator": {
      "version": "0.27.1",
      "resolved": "https://registry.npmjs.org/@uppy/thumbnail-generator/-/thumbnail-generator-0.27.1.tgz",
      "integrity": "sha512-V2wNl+r8Ey7tD3iL8PGyXZ309nkE10vHD7ZivbfKSI9VTIynueN3MYWeCB7K2sXW3lBuhPeEUxpp39cTZn/n5Q==",
      "requires": {
        "@uppy/utils": "0.27.0"
      },
      "dependencies": {
        "@uppy/utils": {
          "version": "0.27.0",
          "resolved": "https://registry.npmjs.org/@uppy/utils/-/utils-0.27.0.tgz",
          "integrity": "sha512-+0RlbFMYhysjHnd+GEn2U8En4kWS2FrASrkaCs9BS56ii9PHk9Kwa5IXDdiB7rS4i/I7N0fzLzdAvCD3VHs79Q==",
          "requires": {
            "lodash.throttle": "^4.1.1"
          }
        }
      }
    },
    "@uppy/transloadit": {
      "version": "0.27.2",
      "resolved": "https://registry.npmjs.org/@uppy/transloadit/-/transloadit-0.27.2.tgz",
      "integrity": "sha512-AvFaEOf13n7CTuqEXwFhSrLqJcJCMGIS0L5X+kfuCMRiX36Ecy5Ob8dB1H72t7D72uJq9n788BeFfO1wKFBi9Q==",
      "requires": {
        "@uppy/companion-client": "0.27.1",
        "@uppy/provider-views": "0.27.1",
        "@uppy/tus": "0.27.2",
        "@uppy/utils": "0.27.0",
        "component-emitter": "^1.2.1",
        "socket.io-client": "^2.1.1"
      },
      "dependencies": {
        "@uppy/utils": {
          "version": "0.27.0",
          "resolved": "https://registry.npmjs.org/@uppy/utils/-/utils-0.27.0.tgz",
          "integrity": "sha512-+0RlbFMYhysjHnd+GEn2U8En4kWS2FrASrkaCs9BS56ii9PHk9Kwa5IXDdiB7rS4i/I7N0fzLzdAvCD3VHs79Q==",
          "requires": {
            "lodash.throttle": "^4.1.1"
          }
        }
      }
    },
    "@uppy/tus": {
      "version": "0.27.2",
      "resolved": "https://registry.npmjs.org/@uppy/tus/-/tus-0.27.2.tgz",
      "integrity": "sha512-cCVfsN1oGcqT4TZqhzzvylHfJ72va1ROxCf+DWBU1iamI54i1F4Vd5J9Gapwiw/OlDNc/BAEURJqd48Xtx/WLg==",
      "requires": {
        "@uppy/companion-client": "0.27.1",
        "@uppy/utils": "0.27.0",
        "tus-js-client": "^1.5.1"
      },
      "dependencies": {
        "@uppy/utils": {
          "version": "0.27.0",
          "resolved": "https://registry.npmjs.org/@uppy/utils/-/utils-0.27.0.tgz",
          "integrity": "sha512-+0RlbFMYhysjHnd+GEn2U8En4kWS2FrASrkaCs9BS56ii9PHk9Kwa5IXDdiB7rS4i/I7N0fzLzdAvCD3VHs79Q==",
          "requires": {
            "lodash.throttle": "^4.1.1"
          }
        }
      }
    },
    "@uppy/url": {
      "version": "0.27.2",
      "resolved": "https://registry.npmjs.org/@uppy/url/-/url-0.27.2.tgz",
      "integrity": "sha512-NW6Ok83WLZler0whY5vu294Bu62AIiFvU2pNL9tnaeOV3xA+fPh8GFV6buv6bJCVdVg3fp3ILMbp/MuZLEgTCA==",
      "requires": {
        "@uppy/companion-client": "0.27.1",
        "@uppy/utils": "0.27.0",
        "preact": "^8.2.9"
      },
      "dependencies": {
        "@uppy/utils": {
          "version": "0.27.0",
          "resolved": "https://registry.npmjs.org/@uppy/utils/-/utils-0.27.0.tgz",
          "integrity": "sha512-+0RlbFMYhysjHnd+GEn2U8En4kWS2FrASrkaCs9BS56ii9PHk9Kwa5IXDdiB7rS4i/I7N0fzLzdAvCD3VHs79Q==",
          "requires": {
            "lodash.throttle": "^4.1.1"
          }
        }
      }
    },
    "@uppy/webcam": {
      "version": "0.27.1",
      "resolved": "https://registry.npmjs.org/@uppy/webcam/-/webcam-0.27.1.tgz",
      "integrity": "sha512-SgOenEOPQ9GbNlFj/iGCuW6jn1WM593ZsDyCCCKho9jeAbYf1TtvPlu/fJP4oXpB7ATcmd/7nXAGw1aDAuXICA==",
      "requires": {
        "@uppy/utils": "0.27.0",
        "preact": "^8.2.9"
      },
      "dependencies": {
        "@uppy/utils": {
          "version": "0.27.0",
          "resolved": "https://registry.npmjs.org/@uppy/utils/-/utils-0.27.0.tgz",
          "integrity": "sha512-+0RlbFMYhysjHnd+GEn2U8En4kWS2FrASrkaCs9BS56ii9PHk9Kwa5IXDdiB7rS4i/I7N0fzLzdAvCD3VHs79Q==",
          "requires": {
            "lodash.throttle": "^4.1.1"
          }
        }
      }
    },
    "@uppy/xhr-upload": {
      "version": "0.27.1",
      "resolved": "https://registry.npmjs.org/@uppy/xhr-upload/-/xhr-upload-0.27.1.tgz",
      "integrity": "sha512-3OdGRdKKOq2gM2POw6qL9g5RetXOrL0/hvXlLui/5/KIyoHbDP6CqWGskJtPavaikDpsdgknZrRC7b4D6qNN7w==",
      "requires": {
        "@uppy/companion-client": "0.27.1",
        "@uppy/utils": "0.27.0",
        "cuid": "^2.1.1"
      },
      "dependencies": {
        "@uppy/utils": {
          "version": "0.27.0",
          "resolved": "https://registry.npmjs.org/@uppy/utils/-/utils-0.27.0.tgz",
          "integrity": "sha512-+0RlbFMYhysjHnd+GEn2U8En4kWS2FrASrkaCs9BS56ii9PHk9Kwa5IXDdiB7rS4i/I7N0fzLzdAvCD3VHs79Q==",
          "requires": {
            "lodash.throttle": "^4.1.1"
          }
        }
      }
    },
    "after": {
      "version": "0.8.2",
      "resolved": "https://registry.npmjs.org/after/-/after-0.8.2.tgz",
      "integrity": "sha1-/ts5T58OAqqXaOcCvaI7UF+ufh8="
    },
    "arraybuffer.slice": {
      "version": "0.0.7",
      "resolved": "https://registry.npmjs.org/arraybuffer.slice/-/arraybuffer.slice-0.0.7.tgz",
      "integrity": "sha512-wGUIVQXuehL5TCqQun8OW81jGzAWycqzFF8lFp+GOM5BXLYj3bKNsYC4daB7n6XjCqxQA/qgTJ+8ANR3acjrog=="
    },
    "async-limiter": {
      "version": "1.0.0",
      "resolved": "https://registry.npmjs.org/async-limiter/-/async-limiter-1.0.0.tgz",
      "integrity": "sha512-jp/uFnooOiO+L211eZOoSyzpOITMXx1rBITauYykG3BRYPu8h0UcxsPNB04RR5vo4Tyz3+ay17tR6JVf9qzYWg=="
    },
    "backo2": {
      "version": "1.0.2",
      "resolved": "https://registry.npmjs.org/backo2/-/backo2-1.0.2.tgz",
      "integrity": "sha1-MasayLEpNjRj41s+u2n038+6eUc="
    },
    "base64-arraybuffer": {
      "version": "0.1.5",
      "resolved": "https://registry.npmjs.org/base64-arraybuffer/-/base64-arraybuffer-0.1.5.tgz",
      "integrity": "sha1-c5JncZI7Whl0etZmqlzUv5xunOg="
    },
    "better-assert": {
      "version": "1.0.2",
      "resolved": "https://registry.npmjs.org/better-assert/-/better-assert-1.0.2.tgz",
      "integrity": "sha1-QIZrnhueC1W0gYlDEeaPr/rrxSI=",
      "requires": {
        "callsite": "1.0.0"
      }
    },
    "blob": {
      "version": "0.0.4",
      "resolved": "https://registry.npmjs.org/blob/-/blob-0.0.4.tgz",
      "integrity": "sha1-vPEwUspURj8w+fx+lbmkdjCpSSE="
    },
    "blob-to-buffer": {
      "version": "1.2.8",
      "resolved": "https://registry.npmjs.org/blob-to-buffer/-/blob-to-buffer-1.2.8.tgz",
      "integrity": "sha512-re0AIxakF504MgeMtIyJkVcZ8T5aUxtp/QmTMlmjyb3P44E1BEv5x3LATBGApWAJATyXHtkXRD+gWTmeyYLiQA=="
    },
    "buffer-from": {
      "version": "0.1.2",
      "resolved": "https://registry.npmjs.org/buffer-from/-/buffer-from-0.1.2.tgz",
      "integrity": "sha512-RiWIenusJsmI2KcvqQABB83tLxCByE3upSP8QU3rJDMVFGPWLvPQJt/O1Su9moRWeH7d+Q2HYb68f6+v+tw2vg=="
    },
    "callsite": {
      "version": "1.0.0",
      "resolved": "https://registry.npmjs.org/callsite/-/callsite-1.0.0.tgz",
      "integrity": "sha1-KAOY5dZkvXQDi28JBRU+borxvCA="
    },
    "classnames": {
      "version": "2.2.6",
      "resolved": "https://registry.npmjs.org/classnames/-/classnames-2.2.6.tgz",
      "integrity": "sha512-JR/iSQOSt+LQIWwrwEzJ9uk0xfN3mTVYMwt1Ir5mUcSN6pU+V4zQFFaJsclJbPuAUQH+yfWef6tm7l1quW3C8Q=="
    },
    "component-bind": {
      "version": "1.0.0",
      "resolved": "https://registry.npmjs.org/component-bind/-/component-bind-1.0.0.tgz",
      "integrity": "sha1-AMYIq33Nk4l8AAllGx06jh5zu9E="
    },
    "component-emitter": {
      "version": "1.2.1",
      "resolved": "https://registry.npmjs.org/component-emitter/-/component-emitter-1.2.1.tgz",
      "integrity": "sha1-E3kY1teCg/ffemt8WmPhQOaUJeY="
    },
    "component-inherit": {
      "version": "0.0.3",
      "resolved": "https://registry.npmjs.org/component-inherit/-/component-inherit-0.0.3.tgz",
      "integrity": "sha1-ZF/ErfWLcrZJ1crmUTVhnbJv8UM="
    },
    "cuid": {
      "version": "2.1.3",
      "resolved": "https://registry.npmjs.org/cuid/-/cuid-2.1.3.tgz",
      "integrity": "sha512-498QEE+3IgFQ/EGH4VF6Rq4j5zhJiEdG/0bpESerczmNDCdnxmPav/eDC45sDe1cnMQTh6btKxChTGG8IkVGGg=="
    },
    "debug": {
      "version": "3.1.0",
      "resolved": "https://registry.npmjs.org/debug/-/debug-3.1.0.tgz",
      "integrity": "sha512-OX8XqP7/1a9cqkxYw2yXss15f26NKWBpDXQd0/uK/KPqdQhxbPa994hnzjcE2VqQpDslf55723cKPUOGSmMY3g==",
      "requires": {
        "ms": "2.0.0"
      }
    },
    "drag-drop": {
      "version": "2.13.3",
      "resolved": "https://registry.npmjs.org/drag-drop/-/drag-drop-2.13.3.tgz",
      "integrity": "sha512-g+qp+ssi6+v9Qnyyco0dfyA9sYZYYDddGbc0STdMHc9hfyHeYzqGs4v18jFksgHDtYBWf+ocnUkO6jF7MbFudg==",
      "requires": {
        "blob-to-buffer": "^1.0.2",
        "flatten": "^1.0.2",
        "run-parallel": "^1.0.0"
      }
    },
    "engine.io-client": {
      "version": "3.2.1",
      "resolved": "https://registry.npmjs.org/engine.io-client/-/engine.io-client-3.2.1.tgz",
      "integrity": "sha512-y5AbkytWeM4jQr7m/koQLc5AxpRKC1hEVUb/s1FUAWEJq5AzJJ4NLvzuKPuxtDi5Mq755WuDvZ6Iv2rXj4PTzw==",
      "requires": {
        "component-emitter": "1.2.1",
        "component-inherit": "0.0.3",
        "debug": "~3.1.0",
        "engine.io-parser": "~2.1.1",
        "has-cors": "1.1.0",
        "indexof": "0.0.1",
        "parseqs": "0.0.5",
        "parseuri": "0.0.5",
        "ws": "~3.3.1",
        "xmlhttprequest-ssl": "~1.5.4",
        "yeast": "0.1.2"
      }
    },
    "engine.io-parser": {
      "version": "2.1.2",
      "resolved": "https://registry.npmjs.org/engine.io-parser/-/engine.io-parser-2.1.2.tgz",
      "integrity": "sha512-dInLFzr80RijZ1rGpx1+56/uFoH7/7InhH3kZt+Ms6hT8tNx3NGW/WNSA/f8As1WkOfkuyb3tnRyuXGxusclMw==",
      "requires": {
        "after": "0.8.2",
        "arraybuffer.slice": "~0.0.7",
        "base64-arraybuffer": "0.1.5",
        "blob": "0.0.4",
        "has-binary2": "~1.0.2"
      }
    },
    "extend": {
      "version": "3.0.2",
      "resolved": "https://registry.npmjs.org/extend/-/extend-3.0.2.tgz",
      "integrity": "sha512-fjquC59cD7CyW6urNXK0FBufkZcoiGG80wTuPujX590cB5Ttln20E2UB4S/WARVqhXffZl2LNgS+gQdPIIim/g=="
    },
    "flatten": {
      "version": "1.0.2",
      "resolved": "https://registry.npmjs.org/flatten/-/flatten-1.0.2.tgz",
      "integrity": "sha1-2uRqnXj74lKSJYzB54CkHZXAN4I="
    },
    "get-form-data": {
      "version": "2.0.0",
      "resolved": "https://registry.npmjs.org/get-form-data/-/get-form-data-2.0.0.tgz",
      "integrity": "sha512-YUpw0aTWeGliifqMYrTohe/YdqVmKLmaNwuscd2WlRNGfba57JHGuuvvv2c6LiZdFys285POVWANTh6SqcwFag=="
    },
    "has-binary2": {
      "version": "1.0.3",
      "resolved": "https://registry.npmjs.org/has-binary2/-/has-binary2-1.0.3.tgz",
      "integrity": "sha512-G1LWKhDSvhGeAQ8mPVQlqNcOB2sJdwATtZKl2pDKKHfpf/rYj24lkinxf69blJbnsvtqqNU+L3SL50vzZhXOnw==",
      "requires": {
        "isarray": "2.0.1"
      }
    },
    "has-cors": {
      "version": "1.1.0",
      "resolved": "https://registry.npmjs.org/has-cors/-/has-cors-1.1.0.tgz",
      "integrity": "sha1-XkdHk/fqmEPRu5nCPu9J/xJv/zk="
    },
    "indexof": {
      "version": "0.0.1",
      "resolved": "https://registry.npmjs.org/indexof/-/indexof-0.0.1.tgz",
      "integrity": "sha1-gtwzbSMrkGIXnQWrMpOmYFn9Q10="
    },
    "isarray": {
      "version": "2.0.1",
      "resolved": "https://registry.npmjs.org/isarray/-/isarray-2.0.1.tgz",
      "integrity": "sha1-o32U7ZzaLVmGXJ92/llu4fM4dB4="
    },
    "lodash.throttle": {
      "version": "4.1.1",
      "resolved": "https://registry.npmjs.org/lodash.throttle/-/lodash.throttle-4.1.1.tgz",
      "integrity": "sha1-wj6RtxAkKscMN/HhzaknTMOb8vQ="
    },
    "mime-match": {
      "version": "1.0.2",
      "resolved": "https://registry.npmjs.org/mime-match/-/mime-match-1.0.2.tgz",
      "integrity": "sha1-P4fDHprxpf1IX7nbE0Qosju7e6g=",
      "requires": {
        "wildcard": "^1.1.0"
      }
    },
    "ms": {
      "version": "2.0.0",
      "resolved": "https://registry.npmjs.org/ms/-/ms-2.0.0.tgz",
      "integrity": "sha1-VgiurfwAvmwpAd9fmGF4jeDVl8g="
    },
    "namespace-emitter": {
      "version": "2.0.1",
      "resolved": "https://registry.npmjs.org/namespace-emitter/-/namespace-emitter-2.0.1.tgz",
      "integrity": "sha512-N/sMKHniSDJBjfrkbS/tpkPj4RAbvW3mr8UAzvlMHyun93XEm83IAvhWtJVHo+RHn/oO8Job5YN4b+wRjSVp5g=="
    },
    "object-component": {
      "version": "0.0.3",
      "resolved": "https://registry.npmjs.org/object-component/-/object-component-0.0.3.tgz",
      "integrity": "sha1-8MaapQ78lbhmwYb0AKM3acsvEpE="
    },
    "parseqs": {
      "version": "0.0.5",
      "resolved": "https://registry.npmjs.org/parseqs/-/parseqs-0.0.5.tgz",
      "integrity": "sha1-1SCKNzjkZ2bikbouoXNoSSGouJ0=",
      "requires": {
        "better-assert": "~1.0.0"
      }
    },
    "parseuri": {
      "version": "0.0.5",
      "resolved": "https://registry.npmjs.org/parseuri/-/parseuri-0.0.5.tgz",
      "integrity": "sha1-gCBKUNTbt3m/3G6+J3jZDkvOMgo=",
      "requires": {
        "better-assert": "~1.0.0"
      }
    },
    "preact": {
      "version": "8.3.1",
      "resolved": "https://registry.npmjs.org/preact/-/preact-8.3.1.tgz",
      "integrity": "sha512-s8H1Y8O9e+mOBo3UP1jvWqArPmjCba2lrrGLlq/0kN1XuIINUbYtf97iiXKxCuG3eYwmppPKnyW2DBrNj/TuTg=="
    },
    "preact-css-transition-group": {
      "version": "1.3.0",
      "resolved": "https://registry.npmjs.org/preact-css-transition-group/-/preact-css-transition-group-1.3.0.tgz",
      "integrity": "sha1-Bv5Giyb3gC6VuCmnYtsLwZmu85k="
    },
    "prettier-bytes": {
      "version": "1.0.4",
      "resolved": "https://registry.npmjs.org/prettier-bytes/-/prettier-bytes-1.0.4.tgz",
      "integrity": "sha1-mUsCqkb2mcULYle1+qp/4lV+YtY="
    },
    "resolve-url": {
      "version": "0.2.1",
      "resolved": "https://registry.npmjs.org/resolve-url/-/resolve-url-0.2.1.tgz",
      "integrity": "sha1-LGN/53yJOv0qZj/iGqkIAGjiBSo="
    },
    "run-parallel": {
      "version": "1.1.9",
      "resolved": "https://registry.npmjs.org/run-parallel/-/run-parallel-1.1.9.tgz",
      "integrity": "sha512-DEqnSRTDw/Tc3FXf49zedI638Z9onwUotBMiUFKmrO2sdFKIbXamXGQ3Axd4qgphxKB4kw/qP1w5kTxnfU1B9Q=="
    },
    "safe-buffer": {
      "version": "5.1.2",
      "resolved": "https://registry.npmjs.org/safe-buffer/-/safe-buffer-5.1.2.tgz",
      "integrity": "sha512-Gd2UZBJDkXlY7GbJxfsE8/nvKkUEU1G38c1siN6QP6a9PT9MmHB8GnpscSmMJSoF8LOIrt8ud/wPtojys4G6+g=="
    },
    "socket.io-client": {
      "version": "2.1.1",
      "resolved": "https://registry.npmjs.org/socket.io-client/-/socket.io-client-2.1.1.tgz",
      "integrity": "sha512-jxnFyhAuFxYfjqIgduQlhzqTcOEQSn+OHKVfAxWaNWa7ecP7xSNk2Dx/3UEsDcY7NcFafxvNvKPmmO7HTwTxGQ==",
      "requires": {
        "backo2": "1.0.2",
        "base64-arraybuffer": "0.1.5",
        "component-bind": "1.0.0",
        "component-emitter": "1.2.1",
        "debug": "~3.1.0",
        "engine.io-client": "~3.2.0",
        "has-binary2": "~1.0.2",
        "has-cors": "1.1.0",
        "indexof": "0.0.1",
        "object-component": "0.0.3",
        "parseqs": "0.0.5",
        "parseuri": "0.0.5",
        "socket.io-parser": "~3.2.0",
        "to-array": "0.1.4"
      }
    },
    "socket.io-parser": {
      "version": "3.2.0",
      "resolved": "https://registry.npmjs.org/socket.io-parser/-/socket.io-parser-3.2.0.tgz",
      "integrity": "sha512-FYiBx7rc/KORMJlgsXysflWx/RIvtqZbyGLlHZvjfmPTPeuD/I8MaW7cfFrj5tRltICJdgwflhfZ3NVVbVLFQA==",
      "requires": {
        "component-emitter": "1.2.1",
        "debug": "~3.1.0",
        "isarray": "2.0.1"
      }
    },
    "to-array": {
      "version": "0.1.4",
      "resolved": "https://registry.npmjs.org/to-array/-/to-array-0.1.4.tgz",
      "integrity": "sha1-F+bBH3PdTz10zaek/zI46a2b+JA="
    },
    "tus-js-client": {
      "version": "1.5.1",
      "resolved": "https://registry.npmjs.org/tus-js-client/-/tus-js-client-1.5.1.tgz",
      "integrity": "sha512-qBSNXpc6ZPe6stn4NSkQ1dnVhVblPAtQo6037g5Qr5zr9gGX1gr+8e0+HtQMBp22Ouo6LYesWMdKbcOR5sRj5A==",
      "requires": {
        "buffer-from": "^0.1.1",
        "extend": "^3.0.0",
        "lodash.throttle": "^4.1.1",
        "resolve-url": "^0.2.1"
      }
    },
    "ultron": {
      "version": "1.1.1",
      "resolved": "https://registry.npmjs.org/ultron/-/ultron-1.1.1.tgz",
      "integrity": "sha512-UIEXBNeYmKptWH6z8ZnqTeS8fV74zG0/eRU9VGkpzz+LIJNs8W/zM/L+7ctCkRrgbNnnR0xxw4bKOr0cW0N0Og=="
    },
    "wildcard": {
      "version": "1.1.2",
      "resolved": "https://registry.npmjs.org/wildcard/-/wildcard-1.1.2.tgz",
      "integrity": "sha1-pwIEUwhNjNLv5wup02liY94XEKU="
    },
    "ws": {
      "version": "3.3.3",
      "resolved": "https://registry.npmjs.org/ws/-/ws-3.3.3.tgz",
      "integrity": "sha512-nnWLa/NwZSt4KQJu51MYlCcSQ5g7INpOrOMt4XV8j4dqTXdmlUmSHQ8/oLC069ckre0fRsgfvsKwbTdtKLCDkA==",
      "requires": {
        "async-limiter": "~1.0.0",
        "safe-buffer": "~5.1.0",
        "ultron": "~1.1.0"
      }
    },
    "xmlhttprequest-ssl": {
      "version": "1.5.5",
      "resolved": "https://registry.npmjs.org/xmlhttprequest-ssl/-/xmlhttprequest-ssl-1.5.5.tgz",
      "integrity": "sha1-wodrBhaKrcQOV9l+gRkayPQ5iz4="
    },
    "yeast": {
      "version": "0.1.2",
      "resolved": "https://registry.npmjs.org/yeast/-/yeast-0.1.2.tgz",
      "integrity": "sha1-AI4G2AlDIMNy28L47XagymyKxBk="
    }
  }
}
