{
  "name": "uppy",
  "version": "0.30.5",
  "lockfileVersion": 1,
  "requires": true,
  "dependencies": {
    "@uppy/aws-s3": {
      "version": "0.30.5",
      "requires": {
        "@uppy/companion-client": "0.28.5",
        "@uppy/utils": "0.30.5",
        "@uppy/xhr-upload": "0.30.5",
        "resolve-url": "^0.2.1"
      }
    },
    "@uppy/aws-s3-multipart": {
      "version": "0.30.5",
      "requires": {
        "@uppy/companion-client": "0.28.5",
        "@uppy/utils": "0.30.5",
        "resolve-url": "^0.2.1"
      }
    },
    "@uppy/companion-client": {
      "version": "0.28.5",
      "requires": {
        "namespace-emitter": "^2.0.1"
      }
    },
    "@uppy/core": {
      "version": "0.30.5",
      "requires": {
        "@uppy/store-default": "0.28.3",
        "@uppy/utils": "0.30.5",
        "cuid": "^2.1.1",
        "lodash.throttle": "^4.1.1",
        "mime-match": "^1.0.2",
        "namespace-emitter": "^2.0.1",
        "preact": "^8.2.9",
        "prettier-bytes": "^1.0.4"
      }
    },
    "@uppy/dashboard": {
      "version": "0.30.5",
      "requires": {
        "@uppy/informer": "0.30.5",
        "@uppy/provider-views": "0.30.5",
        "@uppy/status-bar": "0.30.5",
        "@uppy/thumbnail-generator": "0.30.5",
        "@uppy/utils": "0.30.5",
        "classnames": "^2.2.6",
        "cuid": "^2.1.1",
        "drag-drop": "2.13.3",
        "lodash.throttle": "^4.1.1",
        "preact": "^8.2.9",
        "preact-css-transition-group": "^1.3.0",
        "prettier-bytes": "^1.0.4",
        "resize-observer-polyfill": "^1.5.0"
      }
    },
    "@uppy/drag-drop": {
      "version": "0.30.5",
      "requires": {
        "@uppy/utils": "0.30.5",
        "drag-drop": "2.13.3",
        "preact": "^8.2.9"
      }
    },
    "@uppy/dropbox": {
      "version": "0.30.5",
      "requires": {
        "@uppy/companion-client": "0.28.5",
        "@uppy/provider-views": "0.30.5",
        "@uppy/utils": "0.30.5",
        "preact": "^8.2.9"
      }
    },
    "@uppy/file-input": {
      "version": "0.30.5",
      "requires": {
        "@uppy/utils": "0.30.5",
        "preact": "^8.2.9"
      }
    },
    "@uppy/form": {
      "version": "0.30.5",
      "requires": {
        "@uppy/utils": "0.30.5",
        "get-form-data": "^2.0.0"
      }
    },
    "@uppy/golden-retriever": {
      "version": "0.30.5",
      "requires": {
        "@uppy/utils": "0.30.5",
        "prettier-bytes": "^1.0.4"
      }
    },
    "@uppy/google-drive": {
      "version": "0.30.5",
      "requires": {
        "@uppy/companion-client": "0.28.5",
        "@uppy/provider-views": "0.30.5",
        "@uppy/utils": "0.30.5",
        "preact": "^8.2.9"
      }
    },
    "@uppy/informer": {
      "version": "0.30.5",
      "requires": {
        "@uppy/utils": "0.30.5",
        "preact": "^8.2.9"
      }
    },
    "@uppy/instagram": {
      "version": "0.30.5",
      "requires": {
        "@uppy/companion-client": "0.28.5",
        "@uppy/provider-views": "0.30.5",
        "@uppy/utils": "0.30.5",
        "preact": "^8.2.9"
      }
    },
    "@uppy/progress-bar": {
      "version": "0.30.5",
      "requires": {
        "@uppy/utils": "0.30.5",
        "preact": "^8.2.9"
      }
    },
    "@uppy/provider-views": {
      "version": "0.30.5",
      "requires": {
        "@uppy/utils": "0.30.5",
        "classnames": "^2.2.6",
        "preact": "^8.2.9"
      }
    },
    "@uppy/redux-dev-tools": {
      "version": "0.30.5"
    },
    "@uppy/status-bar": {
      "version": "0.30.5",
      "requires": {
        "@uppy/utils": "0.30.5",
        "classnames": "^2.2.6",
        "lodash.throttle": "^4.1.1",
        "preact": "^8.2.9",
        "prettier-bytes": "^1.0.4"
      }
    },
    "@uppy/store-default": {
      "version": "0.28.3"
    },
    "@uppy/store-redux": {
      "version": "0.28.3",
      "requires": {
        "cuid": "^2.1.1"
      }
    },
    "@uppy/thumbnail-generator": {
      "version": "0.30.5",
      "requires": {
        "@uppy/utils": "0.30.5"
      }
    },
    "@uppy/transloadit": {
      "version": "0.30.5",
      "requires": {
        "@uppy/companion-client": "0.28.5",
        "@uppy/provider-views": "0.30.5",
        "@uppy/tus": "0.30.5",
        "@uppy/utils": "0.30.5",
        "component-emitter": "^1.2.1",
        "socket.io-client": "^2.1.1"
      }
    },
    "@uppy/tus": {
      "version": "0.30.5",
      "requires": {
        "@uppy/companion-client": "0.28.5",
        "@uppy/utils": "0.30.5",
        "tus-js-client": "github:ifedapoolarewaju/tus-js-client#d63fcf08ee43080a0e1cc968ad5986ace788c2d4"
      }
    },
    "@uppy/url": {
      "version": "0.30.5",
      "requires": {
        "@uppy/companion-client": "0.28.5",
        "@uppy/utils": "0.30.5",
        "preact": "^8.2.9"
      }
    },
    "@uppy/webcam": {
      "version": "0.30.5",
      "requires": {
        "@uppy/utils": "0.30.5",
        "preact": "^8.2.9"
      }
    },
    "@uppy/xhr-upload": {
      "version": "0.30.5",
      "requires": {
        "@uppy/companion-client": "0.28.5",
        "@uppy/utils": "0.30.5",
        "cuid": "^2.1.1"
      }
    },
    "es6-promise": {
      "version": "4.2.5",
      "resolved": "https://registry.npmjs.org/es6-promise/-/es6-promise-4.2.5.tgz",
      "integrity": "sha512-n6wvpdE43VFtJq+lUDYDBFUwV8TZbuGXLV4D6wKafg13ldznKsyEvatubnmUe31zcvelSzOHF+XbaT+Bl9ObDg==",
      "dev": true
    },
    "whatwg-fetch": {
      "version": "3.0.0",
      "resolved": "https://registry.npmjs.org/whatwg-fetch/-/whatwg-fetch-3.0.0.tgz",
      "integrity": "sha512-9GSJUgz1D4MfyKU7KRqwOjXCXTqWdFNvEr7eUBYchQiVc744mqK/MzXPNR2WsPkmkOa4ywfg8C2n8h+13Bey1Q==",
      "dev": true
    }
  }
}
