{
	"name": "@uppy/image-editor",
	"version": "0.2.6",
	"lockfileVersion": 1,
	"requires": true,
	"dependencies": {
		"cropperjs": {
			"version": "1.5.7",
			"resolved": "https://registry.npmjs.org/cropperjs/-/cropperjs-1.5.7.tgz",
			"integrity": "sha512-sGj+G/ofKh+f6A4BtXLJwtcKJgMUsXYVUubfTo9grERiDGXncttefmue/fyQFvn8wfdyoD1KhDRYLfjkJFl0yw=="
		},
		"preact": {
			"version": "10.5.13",
			"resolved": "https://registry.npmjs.org/preact/-/preact-10.5.13.tgz",
			"integrity": "sha512-q/vlKIGNwzTLu+jCcvywgGrt+H/1P/oIRSD6mV4ln3hmlC+Aa34C7yfPI4+5bzW8pONyVXYS7SvXosy2dKKtWQ=="
		}
	}
}
