{
	"name": "@uppy/status-bar",
	"version": "1.9.5",
	"lockfileVersion": 1,
	"requires": true,
	"dependencies": {
		"@transloadit/prettier-bytes": {
			"version": "0.0.7",
			"resolved": "https://registry.npmjs.org/@transloadit/prettier-bytes/-/prettier-bytes-0.0.7.tgz",
			"integrity": "sha512-VeJbUb0wEKbcwaSlj5n+LscBl9IPgLPkHVGBkh00cztv6X4L/TJXK58LzFuBKX7/GAfiGhIwH67YTLTlzvIzBA=="
		},
		"classnames": {
			"version": "2.3.1",
			"resolved": "https://registry.npmjs.org/classnames/-/classnames-2.3.1.tgz",
			"integrity": "sha512-OlQdbZ7gLfGarSqxesMesDa5uz7KFbID8Kpq/SxIoNGDqY8lSYs0D+hhtBXhcdB3rcbXArFr7vlHheLk1voeNA=="
		},
		"lodash.throttle": {
			"version": "4.1.1",
			"resolved": "https://registry.npmjs.org/lodash.throttle/-/lodash.throttle-4.1.1.tgz",
			"integrity": "sha1-wj6RtxAkKscMN/HhzaknTMOb8vQ="
		},
		"preact": {
			"version": "10.5.13",
			"resolved": "https://registry.npmjs.org/preact/-/preact-10.5.13.tgz",
			"integrity": "sha512-q/vlKIGNwzTLu+jCcvywgGrt+H/1P/oIRSD6mV4ln3hmlC+Aa34C7yfPI4+5bzW8pONyVXYS7SvXosy2dKKtWQ=="
		}
	}
}
