{
	"name": "@uppy/status-bar",
	"version": "0.27.1",
	"lockfileVersion": 1,
	"requires": true,
	"dependencies": {
		"classnames": {
			"version": "2.2.6",
			"resolved": "https://registry.npmjs.org/classnames/-/classnames-2.2.6.tgz",
			"integrity": "sha512-JR/iSQOSt+LQIWwrwEzJ9uk0xfN3mTVYMwt1Ir5mUcSN6pU+V4zQFFaJsclJbPuAUQH+yfWef6tm7l1quW3C8Q=="
		},
		"lodash.throttle": {
			"version": "4.1.1",
			"resolved": "https://registry.npmjs.org/lodash.throttle/-/lodash.throttle-4.1.1.tgz",
			"integrity": "sha1-wj6RtxAkKscMN/HhzaknTMOb8vQ="
		},
		"preact": {
			"version": "8.3.1",
			"resolved": "https://registry.npmjs.org/preact/-/preact-8.3.1.tgz",
			"integrity": "sha512-s8H1Y8O9e+mOBo3UP1jvWqArPmjCba2lrrGLlq/0kN1XuIINUbYtf97iiXKxCuG3eYwmppPKnyW2DBrNj/TuTg=="
		},
		"prettier-bytes": {
			"version": "1.0.4",
			"resolved": "https://registry.npmjs.org/prettier-bytes/-/prettier-bytes-1.0.4.tgz",
			"integrity": "sha1-mUsCqkb2mcULYle1+qp/4lV+YtY="
		}
	}
}
