{
	"name": "@uppy/informer",
	"version": "1.6.5",
	"lockfileVersion": 1,
	"requires": true,
	"dependencies": {
		"preact": {
			"version": "10.5.13",
			"resolved": "https://registry.npmjs.org/preact/-/preact-10.5.13.tgz",
			"integrity": "sha512-q/vlKIGNwzTLu+jCcvywgGrt+H/1P/oIRSD6mV4ln3hmlC+Aa34C7yfPI4+5bzW8pONyVXYS7SvXosy2dKKtWQ=="
		}
	}
}
