{
	"name": "@uppy/companion",
	"version": "1.0.2",
	"lockfileVersion": 1,
	"requires": true,
	"dependencies": {
		"mime-db": {
			"version": "1.40.0",
			"resolved": "https://registry.npmjs.org/mime-db/-/mime-db-1.40.0.tgz",
			"integrity": "sha512-jYdeOMPy9vnxEqFRRo6ZvTZ8d9oPb+k18PKoYNYUe2stVEBPPwsln/qWzdbmaIvnhZ9v2P+CuecK+fpUfsV2mA=="
		},
		"mime-types": {
			"version": "2.1.24",
			"resolved": "https://registry.npmjs.org/mime-types/-/mime-types-2.1.24.tgz",
			"integrity": "sha512-WaFHS3MCl5fapm3oLxU4eYDw77IQM2ACcxQ9RIxfaC3ooc6PFuBMGZZsYpvoXS5D5QTWPieo1jjLdAm3TBP3cQ==",
			"requires": {
				"mime-db": "1.40.0"
			}
		}
	}
}
