{
	"name": "@uppy/provider-views",
	"version": "0.27.1",
	"lockfileVersion": 1,
	"requires": true,
	"dependencies": {
		"classnames": {
			"version": "2.2.6",
			"resolved": "https://registry.npmjs.org/classnames/-/classnames-2.2.6.tgz",
			"integrity": "sha512-JR/iSQOSt+LQIWwrwEzJ9uk0xfN3mTVYMwt1Ir5mUcSN6pU+V4zQFFaJsclJbPuAUQH+yfWef6tm7l1quW3C8Q=="
		},
		"preact": {
			"version": "8.3.1",
			"resolved": "https://registry.npmjs.org/preact/-/preact-8.3.1.tgz",
			"integrity": "sha512-s8H1Y8O9e+mOBo3UP1jvWqArPmjCba2lrrGLlq/0kN1XuIINUbYtf97iiXKxCuG3eYwmppPKnyW2DBrNj/TuTg=="
		}
	}
}
