{
	"name": "@uppy/react",
	"version": "1.11.10",
	"lockfileVersion": 1,
	"requires": true,
	"dependencies": {
		"airbnb-prop-types": {
			"version": "2.16.0",
			"resolved": "https://registry.npmjs.org/airbnb-prop-types/-/airbnb-prop-types-2.16.0.tgz",
			"integrity": "sha512-7WHOFolP/6cS96PhKNrslCLMYAI8yB1Pp6u6XmxozQOiZbsI5ycglZr5cHhBFfuRcQQjzCMith5ZPZdYiJCxUg==",
			"dev": true,
			"requires": {
				"array.prototype.find": "^2.1.1",
				"function.prototype.name": "^1.1.2",
				"is-regex": "^1.1.0",
				"object-is": "^1.1.2",
				"object.assign": "^4.1.0",
				"object.entries": "^1.1.2",
				"prop-types": "^15.7.2",
				"prop-types-exact": "^1.2.0",
				"react-is": "^16.13.1"
			}
		},
		"array.prototype.filter": {
			"version": "1.0.0",
			"resolved": "https://registry.npmjs.org/array.prototype.filter/-/array.prototype.filter-1.0.0.tgz",
			"integrity": "sha512-TfO1gz+tLm+Bswq0FBOXPqAchtCr2Rn48T8dLJoRFl8NoEosjZmzptmuo1X8aZBzZcqsR1W8U761tjACJtngTQ==",
			"dev": true,
			"requires": {
				"call-bind": "^1.0.2",
				"define-properties": "^1.1.3",
				"es-abstract": "^1.18.0",
				"es-array-method-boxes-properly": "^1.0.0",
				"is-string": "^1.0.5"
			}
		},
		"array.prototype.find": {
			"version": "2.1.1",
			"resolved": "https://registry.npmjs.org/array.prototype.find/-/array.prototype.find-2.1.1.tgz",
			"integrity": "sha512-mi+MYNJYLTx2eNYy+Yh6raoQacCsNeeMUaspFPh9Y141lFSsWxxB8V9mM2ye+eqiRs917J6/pJ4M9ZPzenWckA==",
			"dev": true,
			"requires": {
				"define-properties": "^1.1.3",
				"es-abstract": "^1.17.4"
			}
		},
		"array.prototype.flat": {
			"version": "1.2.4",
			"resolved": "https://registry.npmjs.org/array.prototype.flat/-/array.prototype.flat-1.2.4.tgz",
			"integrity": "sha512-4470Xi3GAPAjZqFcljX2xzckv1qeKPizoNkiS0+O4IoPR2ZNpcjE0pkhdihlDouK+x6QOast26B4Q/O9DJnwSg==",
			"dev": true,
			"requires": {
				"call-bind": "^1.0.0",
				"define-properties": "^1.1.3",
				"es-abstract": "^1.18.0-next.1"
			}
		},
		"boolbase": {
			"version": "1.0.0",
			"resolved": "https://registry.npmjs.org/boolbase/-/boolbase-1.0.0.tgz",
			"integrity": "sha1-aN/1++YMUes3cl6p4+0xDcwed24=",
			"dev": true
		},
		"call-bind": {
			"version": "1.0.2",
			"resolved": "https://registry.npmjs.org/call-bind/-/call-bind-1.0.2.tgz",
			"integrity": "sha512-7O+FbCihrB5WGbFYesctwmTKae6rOiIzmz1icreWJ+0aA7LJfuqhEso2T9ncpcFtzMQtzXf2QGGueWJGTYsqrA==",
			"dev": true,
			"requires": {
				"function-bind": "^1.1.1",
				"get-intrinsic": "^1.0.2"
			}
		},
		"cheerio": {
			"version": "1.0.0-rc.10",
			"resolved": "https://registry.npmjs.org/cheerio/-/cheerio-1.0.0-rc.10.tgz",
			"integrity": "sha512-g0J0q/O6mW8z5zxQ3A8E8J1hUgp4SMOvEoW/x84OwyHKe/Zccz83PVT4y5Crcr530FV6NgmKI1qvGTKVl9XXVw==",
			"dev": true,
			"requires": {
				"cheerio-select": "^1.5.0",
				"dom-serializer": "^1.3.2",
				"domhandler": "^4.2.0",
				"htmlparser2": "^6.1.0",
				"parse5": "^6.0.1",
				"parse5-htmlparser2-tree-adapter": "^6.0.1",
				"tslib": "^2.2.0"
			}
		},
		"cheerio-select": {
			"version": "1.5.0",
			"resolved": "https://registry.npmjs.org/cheerio-select/-/cheerio-select-1.5.0.tgz",
			"integrity": "sha512-qocaHPv5ypefh6YNxvnbABM07KMxExbtbfuJoIie3iZXX1ERwYmJcIiRrr9H05ucQP1k28dav8rpdDgjQd8drg==",
			"dev": true,
			"requires": {
				"css-select": "^4.1.3",
				"css-what": "^5.0.1",
				"domelementtype": "^2.2.0",
				"domhandler": "^4.2.0",
				"domutils": "^2.7.0"
			}
		},
		"commander": {
			"version": "2.20.3",
			"resolved": "https://registry.npmjs.org/commander/-/commander-2.20.3.tgz",
			"integrity": "sha512-GpVkmM8vF2vQUkj2LvZmD35JxeJOLCwJ9cUkugyk2nuhbv3+mJvpLYYt+0+USMxE+oj+ey/lJEnhZw75x/OMcQ==",
			"dev": true
		},
		"css-select": {
			"version": "4.1.3",
			"resolved": "https://registry.npmjs.org/css-select/-/css-select-4.1.3.tgz",
			"integrity": "sha512-gT3wBNd9Nj49rAbmtFHj1cljIAOLYSX1nZ8CB7TBO3INYckygm5B7LISU/szY//YmdiSLbJvDLOx9VnMVpMBxA==",
			"dev": true,
			"requires": {
				"boolbase": "^1.0.0",
				"css-what": "^5.0.0",
				"domhandler": "^4.2.0",
				"domutils": "^2.6.0",
				"nth-check": "^2.0.0"
			}
		},
		"css-what": {
			"version": "5.0.1",
			"resolved": "https://registry.npmjs.org/css-what/-/css-what-5.0.1.tgz",
			"integrity": "sha512-FYDTSHb/7KXsWICVsxdmiExPjCfRC4qRFBdVwv7Ax9hMnvMmEjP9RfxTEZ3qPZGmADDn2vAKSo9UcN1jKVYscg==",
			"dev": true
		},
		"define-properties": {
			"version": "1.1.3",
			"resolved": "https://registry.npmjs.org/define-properties/-/define-properties-1.1.3.tgz",
			"integrity": "sha512-3MqfYKj2lLzdMSf8ZIZE/V+Zuy+BgD6f164e8K2w7dgnpKArBDerGYpM46IYYcjnkdPNMjPk9A6VFB8+3SKlXQ==",
			"dev": true,
			"requires": {
				"object-keys": "^1.0.12"
			}
		},
		"discontinuous-range": {
			"version": "1.0.0",
			"resolved": "https://registry.npmjs.org/discontinuous-range/-/discontinuous-range-1.0.0.tgz",
			"integrity": "sha1-44Mx8IRLukm5qctxx3FYWqsbxlo=",
			"dev": true
		},
		"dom-serializer": {
			"version": "1.3.2",
			"resolved": "https://registry.npmjs.org/dom-serializer/-/dom-serializer-1.3.2.tgz",
			"integrity": "sha512-5c54Bk5Dw4qAxNOI1pFEizPSjVsx5+bpJKmL2kPn8JhBUq2q09tTCa3mjijun2NfK78NMouDYNMBkOrPZiS+ig==",
			"dev": true,
			"requires": {
				"domelementtype": "^2.0.1",
				"domhandler": "^4.2.0",
				"entities": "^2.0.0"
			}
		},
		"domelementtype": {
			"version": "2.2.0",
			"resolved": "https://registry.npmjs.org/domelementtype/-/domelementtype-2.2.0.tgz",
			"integrity": "sha512-DtBMo82pv1dFtUmHyr48beiuq792Sxohr+8Hm9zoxklYPfa6n0Z3Byjj2IV7bmr2IyqClnqEQhfgHJJ5QF0R5A==",
			"dev": true
		},
		"domhandler": {
			"version": "4.2.0",
			"resolved": "https://registry.npmjs.org/domhandler/-/domhandler-4.2.0.tgz",
			"integrity": "sha512-zk7sgt970kzPks2Bf+dwT/PLzghLnsivb9CcxkvR8Mzr66Olr0Ofd8neSbglHJHaHa2MadfoSdNlKYAaafmWfA==",
			"dev": true,
			"requires": {
				"domelementtype": "^2.2.0"
			}
		},
		"domutils": {
			"version": "2.7.0",
			"resolved": "https://registry.npmjs.org/domutils/-/domutils-2.7.0.tgz",
			"integrity": "sha512-8eaHa17IwJUPAiB+SoTYBo5mCdeMgdcAoXJ59m6DT1vw+5iLS3gNoqYaRowaBKtGVrOF1Jz4yDTgYKLK2kvfJg==",
			"dev": true,
			"requires": {
				"dom-serializer": "^1.0.1",
				"domelementtype": "^2.2.0",
				"domhandler": "^4.2.0"
			}
		},
		"entities": {
			"version": "2.2.0",
			"resolved": "https://registry.npmjs.org/entities/-/entities-2.2.0.tgz",
			"integrity": "sha512-p92if5Nz619I0w+akJrLZH0MX0Pb5DX39XOwQTtXSdQQOaYH03S1uIQp4mhOZtAXrxq4ViO67YTiLBo2638o9A==",
			"dev": true
		},
		"enzyme": {
			"version": "3.11.0",
			"resolved": "https://registry.npmjs.org/enzyme/-/enzyme-3.11.0.tgz",
			"integrity": "sha512-Dw8/Gs4vRjxY6/6i9wU0V+utmQO9kvh9XLnz3LIudviOnVYDEe2ec+0k+NQoMamn1VrjKgCUOWj5jG/5M5M0Qw==",
			"dev": true,
			"requires": {
				"array.prototype.flat": "^1.2.3",
				"cheerio": "^1.0.0-rc.3",
				"enzyme-shallow-equal": "^1.0.1",
				"function.prototype.name": "^1.1.2",
				"has": "^1.0.3",
				"html-element-map": "^1.2.0",
				"is-boolean-object": "^1.0.1",
				"is-callable": "^1.1.5",
				"is-number-object": "^1.0.4",
				"is-regex": "^1.0.5",
				"is-string": "^1.0.5",
				"is-subset": "^0.1.1",
				"lodash.escape": "^4.0.1",
				"lodash.isequal": "^4.5.0",
				"object-inspect": "^1.7.0",
				"object-is": "^1.0.2",
				"object.assign": "^4.1.0",
				"object.entries": "^1.1.1",
				"object.values": "^1.1.1",
				"raf": "^3.4.1",
				"rst-selector-parser": "^2.2.3",
				"string.prototype.trim": "^1.2.1"
			}
		},
		"enzyme-adapter-react-16": {
			"version": "1.15.2",
			"resolved": "https://registry.npmjs.org/enzyme-adapter-react-16/-/enzyme-adapter-react-16-1.15.2.tgz",
			"integrity": "sha512-SkvDrb8xU3lSxID8Qic9rB8pvevDbLybxPK6D/vW7PrT0s2Cl/zJYuXvsd1EBTz0q4o3iqG3FJhpYz3nUNpM2Q==",
			"dev": true,
			"requires": {
				"enzyme-adapter-utils": "^1.13.0",
				"enzyme-shallow-equal": "^1.0.1",
				"has": "^1.0.3",
				"object.assign": "^4.1.0",
				"object.values": "^1.1.1",
				"prop-types": "^15.7.2",
				"react-is": "^16.12.0",
				"react-test-renderer": "^16.0.0-0",
				"semver": "^5.7.0"
			}
		},
		"enzyme-adapter-utils": {
			"version": "1.14.0",
			"resolved": "https://registry.npmjs.org/enzyme-adapter-utils/-/enzyme-adapter-utils-1.14.0.tgz",
			"integrity": "sha512-F/z/7SeLt+reKFcb7597IThpDp0bmzcH1E9Oabqv+o01cID2/YInlqHbFl7HzWBl4h3OdZYedtwNDOmSKkk0bg==",
			"dev": true,
			"requires": {
				"airbnb-prop-types": "^2.16.0",
				"function.prototype.name": "^1.1.3",
				"has": "^1.0.3",
				"object.assign": "^4.1.2",
				"object.fromentries": "^2.0.3",
				"prop-types": "^15.7.2",
				"semver": "^5.7.1"
			}
		},
		"enzyme-shallow-equal": {
			"version": "1.0.4",
			"resolved": "https://registry.npmjs.org/enzyme-shallow-equal/-/enzyme-shallow-equal-1.0.4.tgz",
			"integrity": "sha512-MttIwB8kKxypwHvRynuC3ahyNc+cFbR8mjVIltnmzQ0uKGqmsfO4bfBuLxb0beLNPhjblUEYvEbsg+VSygvF1Q==",
			"dev": true,
			"requires": {
				"has": "^1.0.3",
				"object-is": "^1.1.2"
			}
		},
		"es-abstract": {
			"version": "1.18.3",
			"resolved": "https://registry.npmjs.org/es-abstract/-/es-abstract-1.18.3.tgz",
			"integrity": "sha512-nQIr12dxV7SSxE6r6f1l3DtAeEYdsGpps13dR0TwJg1S8gyp4ZPgy3FZcHBgbiQqnoqSTb+oC+kO4UQ0C/J8vw==",
			"dev": true,
			"requires": {
				"call-bind": "^1.0.2",
				"es-to-primitive": "^1.2.1",
				"function-bind": "^1.1.1",
				"get-intrinsic": "^1.1.1",
				"has": "^1.0.3",
				"has-symbols": "^1.0.2",
				"is-callable": "^1.2.3",
				"is-negative-zero": "^2.0.1",
				"is-regex": "^1.1.3",
				"is-string": "^1.0.6",
				"object-inspect": "^1.10.3",
				"object-keys": "^1.1.1",
				"object.assign": "^4.1.2",
				"string.prototype.trimend": "^1.0.4",
				"string.prototype.trimstart": "^1.0.4",
				"unbox-primitive": "^1.0.1"
			}
		},
		"es-array-method-boxes-properly": {
			"version": "1.0.0",
			"resolved": "https://registry.npmjs.org/es-array-method-boxes-properly/-/es-array-method-boxes-properly-1.0.0.tgz",
			"integrity": "sha512-wd6JXUmyHmt8T5a2xreUwKcGPq6f1f+WwIJkijUqiGcJz1qqnZgP6XIK+QyIWU5lT7imeNxUll48bziG+TSYcA==",
			"dev": true
		},
		"es-to-primitive": {
			"version": "1.2.1",
			"resolved": "https://registry.npmjs.org/es-to-primitive/-/es-to-primitive-1.2.1.tgz",
			"integrity": "sha512-QCOllgZJtaUo9miYBcLChTUaHNjJF3PYs1VidD7AwiEj1kYxKeQTctLAezAOH5ZKRH0g2IgPn6KwB4IT8iRpvA==",
			"dev": true,
			"requires": {
				"is-callable": "^1.1.4",
				"is-date-object": "^1.0.1",
				"is-symbol": "^1.0.2"
			}
		},
		"function-bind": {
			"version": "1.1.1",
			"resolved": "https://registry.npmjs.org/function-bind/-/function-bind-1.1.1.tgz",
			"integrity": "sha512-yIovAzMX49sF8Yl58fSCWJ5svSLuaibPxXQJFLmBObTuCr0Mf1KiPopGM9NiFjiYBCbfaa2Fh6breQ6ANVTI0A==",
			"dev": true
		},
		"function.prototype.name": {
			"version": "1.1.4",
			"resolved": "https://registry.npmjs.org/function.prototype.name/-/function.prototype.name-1.1.4.tgz",
			"integrity": "sha512-iqy1pIotY/RmhdFZygSSlW0wko2yxkSCKqsuv4pr8QESohpYyG/Z7B/XXvPRKTJS//960rgguE5mSRUsDdaJrQ==",
			"dev": true,
			"requires": {
				"call-bind": "^1.0.2",
				"define-properties": "^1.1.3",
				"es-abstract": "^1.18.0-next.2",
				"functions-have-names": "^1.2.2"
			}
		},
		"functions-have-names": {
			"version": "1.2.2",
			"resolved": "https://registry.npmjs.org/functions-have-names/-/functions-have-names-1.2.2.tgz",
			"integrity": "sha512-bLgc3asbWdwPbx2mNk2S49kmJCuQeu0nfmaOgbs8WIyzzkw3r4htszdIi9Q9EMezDPTYuJx2wvjZ/EwgAthpnA==",
			"dev": true
		},
		"get-intrinsic": {
			"version": "1.1.1",
			"resolved": "https://registry.npmjs.org/get-intrinsic/-/get-intrinsic-1.1.1.tgz",
			"integrity": "sha512-kWZrnVM42QCiEA2Ig1bG8zjoIMOgxWwYCEeNdwY6Tv/cOSeGpcoX4pXHfKUxNKVoArnrEr2e9srnAxxGIraS9Q==",
			"dev": true,
			"requires": {
				"function-bind": "^1.1.1",
				"has": "^1.0.3",
				"has-symbols": "^1.0.1"
			}
		},
		"has": {
			"version": "1.0.3",
			"resolved": "https://registry.npmjs.org/has/-/has-1.0.3.tgz",
			"integrity": "sha512-f2dvO0VU6Oej7RkWJGrehjbzMAjFp5/VKPp5tTpWIV4JHHZK1/BxbFRtf/siA2SWTe09caDmVtYYzWEIbBS4zw==",
			"dev": true,
			"requires": {
				"function-bind": "^1.1.1"
			}
		},
		"has-bigints": {
			"version": "1.0.1",
			"resolved": "https://registry.npmjs.org/has-bigints/-/has-bigints-1.0.1.tgz",
			"integrity": "sha512-LSBS2LjbNBTf6287JEbEzvJgftkF5qFkmCo9hDRpAzKhUOlJ+hx8dd4USs00SgsUNwc4617J9ki5YtEClM2ffA==",
			"dev": true
		},
		"has-symbols": {
			"version": "1.0.2",
			"resolved": "https://registry.npmjs.org/has-symbols/-/has-symbols-1.0.2.tgz",
			"integrity": "sha512-chXa79rL/UC2KlX17jo3vRGz0azaWEx5tGqZg5pO3NUyEJVB17dMruQlzCCOfUvElghKcm5194+BCRvi2Rv/Gw==",
			"dev": true
		},
		"html-element-map": {
			"version": "1.3.1",
			"resolved": "https://registry.npmjs.org/html-element-map/-/html-element-map-1.3.1.tgz",
			"integrity": "sha512-6XMlxrAFX4UEEGxctfFnmrFaaZFNf9i5fNuV5wZ3WWQ4FVaNP1aX1LkX9j2mfEx1NpjeE/rL3nmgEn23GdFmrg==",
			"dev": true,
			"requires": {
				"array.prototype.filter": "^1.0.0",
				"call-bind": "^1.0.2"
			}
		},
		"htmlparser2": {
			"version": "6.1.0",
			"resolved": "https://registry.npmjs.org/htmlparser2/-/htmlparser2-6.1.0.tgz",
			"integrity": "sha512-gyyPk6rgonLFEDGoeRgQNaEUvdJ4ktTmmUh/h2t7s+M8oPpIPxgNACWa+6ESR57kXstwqPiCut0V8NRpcwgU7A==",
			"dev": true,
			"requires": {
				"domelementtype": "^2.0.1",
				"domhandler": "^4.0.0",
				"domutils": "^2.5.2",
				"entities": "^2.0.0"
			}
		},
		"is-bigint": {
			"version": "1.0.2",
			"resolved": "https://registry.npmjs.org/is-bigint/-/is-bigint-1.0.2.tgz",
			"integrity": "sha512-0JV5+SOCQkIdzjBK9buARcV804Ddu7A0Qet6sHi3FimE9ne6m4BGQZfRn+NZiXbBk4F4XmHfDZIipLj9pX8dSA==",
			"dev": true
		},
		"is-boolean-object": {
			"version": "1.1.1",
			"resolved": "https://registry.npmjs.org/is-boolean-object/-/is-boolean-object-1.1.1.tgz",
			"integrity": "sha512-bXdQWkECBUIAcCkeH1unwJLIpZYaa5VvuygSyS/c2lf719mTKZDU5UdDRlpd01UjADgmW8RfqaP+mRaVPdr/Ng==",
			"dev": true,
			"requires": {
				"call-bind": "^1.0.2"
			}
		},
		"is-callable": {
			"version": "1.2.3",
			"resolved": "https://registry.npmjs.org/is-callable/-/is-callable-1.2.3.tgz",
			"integrity": "sha512-J1DcMe8UYTBSrKezuIUTUwjXsho29693unXM2YhJUTR2txK/eG47bvNa/wipPFmZFgr/N6f1GA66dv0mEyTIyQ==",
			"dev": true
		},
		"is-date-object": {
			"version": "1.0.4",
			"resolved": "https://registry.npmjs.org/is-date-object/-/is-date-object-1.0.4.tgz",
			"integrity": "sha512-/b4ZVsG7Z5XVtIxs/h9W8nvfLgSAyKYdtGWQLbqy6jA1icmgjf8WCoTKgeS4wy5tYaPePouzFMANbnj94c2Z+A==",
			"dev": true
		},
		"is-negative-zero": {
			"version": "2.0.1",
			"resolved": "https://registry.npmjs.org/is-negative-zero/-/is-negative-zero-2.0.1.tgz",
			"integrity": "sha512-2z6JzQvZRa9A2Y7xC6dQQm4FSTSTNWjKIYYTt4246eMTJmIo0Q+ZyOsU66X8lxK1AbB92dFeglPLrhwpeRKO6w==",
			"dev": true
		},
		"is-number-object": {
			"version": "1.0.5",
			"resolved": "https://registry.npmjs.org/is-number-object/-/is-number-object-1.0.5.tgz",
			"integrity": "sha512-RU0lI/n95pMoUKu9v1BZP5MBcZuNSVJkMkAG2dJqC4z2GlkGUNeH68SuHuBKBD/XFe+LHZ+f9BKkLET60Niedw==",
			"dev": true
		},
		"is-regex": {
			"version": "1.1.3",
			"resolved": "https://registry.npmjs.org/is-regex/-/is-regex-1.1.3.tgz",
			"integrity": "sha512-qSVXFz28HM7y+IWX6vLCsexdlvzT1PJNFSBuaQLQ5o0IEw8UDYW6/2+eCMVyIsbM8CNLX2a/QWmSpyxYEHY7CQ==",
			"dev": true,
			"requires": {
				"call-bind": "^1.0.2",
				"has-symbols": "^1.0.2"
			}
		},
		"is-string": {
			"version": "1.0.6",
			"resolved": "https://registry.npmjs.org/is-string/-/is-string-1.0.6.tgz",
			"integrity": "sha512-2gdzbKUuqtQ3lYNrUTQYoClPhm7oQu4UdpSZMp1/DGgkHBT8E2Z1l0yMdb6D4zNAxwDiMv8MdulKROJGNl0Q0w==",
			"dev": true
		},
		"is-subset": {
			"version": "0.1.1",
			"resolved": "https://registry.npmjs.org/is-subset/-/is-subset-0.1.1.tgz",
			"integrity": "sha1-ilkRfZMt4d4A8kX83TnOQ/HpOaY=",
			"dev": true
		},
		"is-symbol": {
			"version": "1.0.4",
			"resolved": "https://registry.npmjs.org/is-symbol/-/is-symbol-1.0.4.tgz",
			"integrity": "sha512-C/CPBqKWnvdcxqIARxyOh4v1UUEOCHpgDa0WYgpKDFMszcrPcffg5uhwSgPCLD2WWxmq6isisz87tzT01tuGhg==",
			"dev": true,
			"requires": {
				"has-symbols": "^1.0.2"
			}
		},
		"js-tokens": {
			"version": "4.0.0",
			"resolved": "https://registry.npmjs.org/js-tokens/-/js-tokens-4.0.0.tgz",
			"integrity": "sha512-RdJUflcE3cUzKiMqQgsCu06FPu9UdIJO0beYbPhHN4k6apgJtifcoCtT9bcxOpYBtpD2kCM6Sbzg4CausW/PKQ=="
		},
		"lodash.escape": {
			"version": "4.0.1",
			"resolved": "https://registry.npmjs.org/lodash.escape/-/lodash.escape-4.0.1.tgz",
			"integrity": "sha1-yQRGkMIeBClL6qUXcS/e0fqI3pg=",
			"dev": true
		},
		"lodash.flattendeep": {
			"version": "4.4.0",
			"resolved": "https://registry.npmjs.org/lodash.flattendeep/-/lodash.flattendeep-4.4.0.tgz",
			"integrity": "sha1-+wMJF/hqMTTlvJvsDWngAT3f7bI=",
			"dev": true
		},
		"lodash.isequal": {
			"version": "4.5.0",
			"resolved": "https://registry.npmjs.org/lodash.isequal/-/lodash.isequal-4.5.0.tgz",
			"integrity": "sha1-QVxEePK8wwEgwizhDtMib30+GOA=",
			"dev": true
		},
		"loose-envify": {
			"version": "1.4.0",
			"resolved": "https://registry.npmjs.org/loose-envify/-/loose-envify-1.4.0.tgz",
			"integrity": "sha512-lyuxPGr/Wfhrlem2CL/UcnUc1zcqKAImBDzukY7Y5F/yQiNdko6+fRLevlw1HgMySw7f611UIY408EtxRSoK3Q==",
			"requires": {
				"js-tokens": "^3.0.0 || ^4.0.0"
			}
		},
		"moo": {
			"version": "0.5.1",
			"resolved": "https://registry.npmjs.org/moo/-/moo-0.5.1.tgz",
			"integrity": "sha512-I1mnb5xn4fO80BH9BLcF0yLypy2UKl+Cb01Fu0hJRkJjlCRtxZMWkTdAtDd5ZqCOxtCkhmRwyI57vWT+1iZ67w==",
			"dev": true
		},
		"nearley": {
			"version": "2.20.1",
			"resolved": "https://registry.npmjs.org/nearley/-/nearley-2.20.1.tgz",
			"integrity": "sha512-+Mc8UaAebFzgV+KpI5n7DasuuQCHA89dmwm7JXw3TV43ukfNQ9DnBH3Mdb2g/I4Fdxc26pwimBWvjIw0UAILSQ==",
			"dev": true,
			"requires": {
				"commander": "^2.19.0",
				"moo": "^0.5.0",
				"railroad-diagrams": "^1.0.0",
				"randexp": "0.4.6"
			}
		},
		"nth-check": {
			"version": "2.0.0",
			"resolved": "https://registry.npmjs.org/nth-check/-/nth-check-2.0.0.tgz",
			"integrity": "sha512-i4sc/Kj8htBrAiH1viZ0TgU8Y5XqCaV/FziYK6TBczxmeKm3AEFWqqF3195yKudrarqy7Zu80Ra5dobFjn9X/Q==",
			"dev": true,
			"requires": {
				"boolbase": "^1.0.0"
			}
		},
		"object-assign": {
			"version": "4.1.1",
			"resolved": "https://registry.npmjs.org/object-assign/-/object-assign-4.1.1.tgz",
			"integrity": "sha1-IQmtx5ZYh8/AXLvUQsrIv7s2CGM="
		},
		"object-inspect": {
			"version": "1.10.3",
			"resolved": "https://registry.npmjs.org/object-inspect/-/object-inspect-1.10.3.tgz",
			"integrity": "sha512-e5mCJlSH7poANfC8z8S9s9S2IN5/4Zb3aZ33f5s8YqoazCFzNLloLU8r5VCG+G7WoqLvAAZoVMcy3tp/3X0Plw==",
			"dev": true
		},
		"object-is": {
			"version": "1.1.5",
			"resolved": "https://registry.npmjs.org/object-is/-/object-is-1.1.5.tgz",
			"integrity": "sha512-3cyDsyHgtmi7I7DfSSI2LDp6SK2lwvtbg0p0R1e0RvTqF5ceGx+K2dfSjm1bKDMVCFEDAQvy+o8c6a7VujOddw==",
			"dev": true,
			"requires": {
				"call-bind": "^1.0.2",
				"define-properties": "^1.1.3"
			}
		},
		"object-keys": {
			"version": "1.1.1",
			"resolved": "https://registry.npmjs.org/object-keys/-/object-keys-1.1.1.tgz",
			"integrity": "sha512-NuAESUOUMrlIXOfHKzD6bpPu3tYt3xvjNdRIQ+FeT0lNb4K8WR70CaDxhuNguS2XG+GjkyMwOzsN5ZktImfhLA==",
			"dev": true
		},
		"object.assign": {
			"version": "4.1.2",
			"resolved": "https://registry.npmjs.org/object.assign/-/object.assign-4.1.2.tgz",
			"integrity": "sha512-ixT2L5THXsApyiUPYKmW+2EHpXXe5Ii3M+f4e+aJFAHao5amFRW6J0OO6c/LU8Be47utCx2GL89hxGB6XSmKuQ==",
			"dev": true,
			"requires": {
				"call-bind": "^1.0.0",
				"define-properties": "^1.1.3",
				"has-symbols": "^1.0.1",
				"object-keys": "^1.1.1"
			}
		},
		"object.entries": {
			"version": "1.1.4",
			"resolved": "https://registry.npmjs.org/object.entries/-/object.entries-1.1.4.tgz",
			"integrity": "sha512-h4LWKWE+wKQGhtMjZEBud7uLGhqyLwj8fpHOarZhD2uY3C9cRtk57VQ89ke3moByLXMedqs3XCHzyb4AmA2DjA==",
			"dev": true,
			"requires": {
				"call-bind": "^1.0.2",
				"define-properties": "^1.1.3",
				"es-abstract": "^1.18.2"
			}
		},
		"object.fromentries": {
			"version": "2.0.4",
			"resolved": "https://registry.npmjs.org/object.fromentries/-/object.fromentries-2.0.4.tgz",
			"integrity": "sha512-EsFBshs5RUUpQEY1D4q/m59kMfz4YJvxuNCJcv/jWwOJr34EaVnG11ZrZa0UHB3wnzV1wx8m58T4hQL8IuNXlQ==",
			"dev": true,
			"requires": {
				"call-bind": "^1.0.2",
				"define-properties": "^1.1.3",
				"es-abstract": "^1.18.0-next.2",
				"has": "^1.0.3"
			}
		},
		"object.values": {
			"version": "1.1.4",
			"resolved": "https://registry.npmjs.org/object.values/-/object.values-1.1.4.tgz",
			"integrity": "sha512-TnGo7j4XSnKQoK3MfvkzqKCi0nVe/D9I9IjwTNYdb/fxYHpjrluHVOgw0AF6jrRFGMPHdfuidR09tIDiIvnaSg==",
			"dev": true,
			"requires": {
				"call-bind": "^1.0.2",
				"define-properties": "^1.1.3",
				"es-abstract": "^1.18.2"
			}
		},
		"parse5": {
			"version": "6.0.1",
			"resolved": "https://registry.npmjs.org/parse5/-/parse5-6.0.1.tgz",
			"integrity": "sha512-Ofn/CTFzRGTTxwpNEs9PP93gXShHcTq255nzRYSKe8AkVpZY7e1fpmTfOyoIvjP5HG7Z2ZM7VS9PPhQGW2pOpw==",
			"dev": true
		},
		"parse5-htmlparser2-tree-adapter": {
			"version": "6.0.1",
			"resolved": "https://registry.npmjs.org/parse5-htmlparser2-tree-adapter/-/parse5-htmlparser2-tree-adapter-6.0.1.tgz",
			"integrity": "sha512-qPuWvbLgvDGilKc5BoicRovlT4MtYT6JfJyBOMDsKoiT+GiuP5qyrPCnR9HcPECIJJmZh5jRndyNThnhhb/vlA==",
			"dev": true,
			"requires": {
				"parse5": "^6.0.1"
			}
		},
		"performance-now": {
			"version": "2.1.0",
			"resolved": "https://registry.npmjs.org/performance-now/-/performance-now-2.1.0.tgz",
			"integrity": "sha1-Ywn04OX6kT7BxpMHrjZLSzd8nns=",
			"dev": true
		},
		"prop-types": {
			"version": "15.7.2",
			"resolved": "https://registry.npmjs.org/prop-types/-/prop-types-15.7.2.tgz",
			"integrity": "sha512-8QQikdH7//R2vurIJSutZ1smHYTcLpRWEOlHnzcWHmBYrOGUysKwSsrC89BCiFj3CbrfJ/nXFdJepOVrY1GCHQ==",
			"requires": {
				"loose-envify": "^1.4.0",
				"object-assign": "^4.1.1",
				"react-is": "^16.8.1"
			}
		},
		"prop-types-exact": {
			"version": "1.2.0",
			"resolved": "https://registry.npmjs.org/prop-types-exact/-/prop-types-exact-1.2.0.tgz",
			"integrity": "sha512-K+Tk3Kd9V0odiXFP9fwDHUYRyvK3Nun3GVyPapSIs5OBkITAm15W0CPFD/YKTkMUAbc0b9CUwRQp2ybiBIq+eA==",
			"dev": true,
			"requires": {
				"has": "^1.0.3",
				"object.assign": "^4.1.0",
				"reflect.ownkeys": "^0.2.0"
			}
		},
		"raf": {
			"version": "3.4.1",
			"resolved": "https://registry.npmjs.org/raf/-/raf-3.4.1.tgz",
			"integrity": "sha512-Sq4CW4QhwOHE8ucn6J34MqtZCeWFP2aQSmrlroYgqAV1PjStIhJXxYuTgUIfkEk7zTLjmIjLmU5q+fbD1NnOJA==",
			"dev": true,
			"requires": {
				"performance-now": "^2.1.0"
			}
		},
		"railroad-diagrams": {
			"version": "1.0.0",
			"resolved": "https://registry.npmjs.org/railroad-diagrams/-/railroad-diagrams-1.0.0.tgz",
			"integrity": "sha1-635iZ1SN3t+4mcG5Dlc3RVnN234=",
			"dev": true
		},
		"randexp": {
			"version": "0.4.6",
			"resolved": "https://registry.npmjs.org/randexp/-/randexp-0.4.6.tgz",
			"integrity": "sha512-80WNmd9DA0tmZrw9qQa62GPPWfuXJknrmVmLcxvq4uZBdYqb1wYoKTmnlGUchvVWe0XiLupYkBoXVOxz3C8DYQ==",
			"dev": true,
			"requires": {
				"discontinuous-range": "1.0.0",
				"ret": "~0.1.10"
			}
		},
		"react-is": {
			"version": "16.13.1",
			"resolved": "https://registry.npmjs.org/react-is/-/react-is-16.13.1.tgz",
			"integrity": "sha512-24e6ynE2H+OKt4kqsOvNd8kBpV65zoxbA4BVsEOB3ARVWQki/DHzaUoC5KuON/BiccDaCCTZBuOcfZs70kR8bQ=="
		},
		"react-test-renderer": {
			"version": "16.14.0",
			"resolved": "https://registry.npmjs.org/react-test-renderer/-/react-test-renderer-16.14.0.tgz",
			"integrity": "sha512-L8yPjqPE5CZO6rKsKXRO/rVPiaCOy0tQQJbC+UjPNlobl5mad59lvPjwFsQHTvL03caVDIVr9x9/OSgDe6I5Eg==",
			"dev": true,
			"requires": {
				"object-assign": "^4.1.1",
				"prop-types": "^15.6.2",
				"react-is": "^16.8.6",
				"scheduler": "^0.19.1"
			}
		},
		"reflect.ownkeys": {
			"version": "0.2.0",
			"resolved": "https://registry.npmjs.org/reflect.ownkeys/-/reflect.ownkeys-0.2.0.tgz",
			"integrity": "sha1-dJrO7H8/34tj+SegSAnpDFwLNGA=",
			"dev": true
		},
		"ret": {
			"version": "0.1.15",
			"resolved": "https://registry.npmjs.org/ret/-/ret-0.1.15.tgz",
			"integrity": "sha512-TTlYpa+OL+vMMNG24xSlQGEJ3B/RzEfUlLct7b5G/ytav+wPrplCpVMFuwzXbkecJrb6IYo1iFb0S9v37754mg==",
			"dev": true
		},
		"rst-selector-parser": {
			"version": "2.2.3",
			"resolved": "https://registry.npmjs.org/rst-selector-parser/-/rst-selector-parser-2.2.3.tgz",
			"integrity": "sha1-gbIw6i/MYGbInjRy3nlChdmwPZE=",
			"dev": true,
			"requires": {
				"lodash.flattendeep": "^4.4.0",
				"nearley": "^2.7.10"
			}
		},
		"scheduler": {
			"version": "0.19.1",
			"resolved": "https://registry.npmjs.org/scheduler/-/scheduler-0.19.1.tgz",
			"integrity": "sha512-n/zwRWRYSUj0/3g/otKDRPMh6qv2SYMWNq85IEa8iZyAv8od9zDYpGSnpBEjNgcMNq6Scbu5KfIPxNF72R/2EA==",
			"dev": true,
			"requires": {
				"loose-envify": "^1.1.0",
				"object-assign": "^4.1.1"
			}
		},
		"semver": {
			"version": "5.7.1",
			"resolved": "https://registry.npmjs.org/semver/-/semver-5.7.1.tgz",
			"integrity": "sha512-sauaDf/PZdVgrLTNYHRtpXa1iRiKcaebiKQ1BJdpQlWH2lCvexQdX55snPFyK7QzpudqbCI0qXFfOasHdyNDGQ==",
			"dev": true
		},
		"string.prototype.trim": {
			"version": "1.2.4",
			"resolved": "https://registry.npmjs.org/string.prototype.trim/-/string.prototype.trim-1.2.4.tgz",
			"integrity": "sha512-hWCk/iqf7lp0/AgTF7/ddO1IWtSNPASjlzCicV5irAVdE1grjsneK26YG6xACMBEdCvO8fUST0UzDMh/2Qy+9Q==",
			"dev": true,
			"requires": {
				"call-bind": "^1.0.2",
				"define-properties": "^1.1.3",
				"es-abstract": "^1.18.0-next.2"
			}
		},
		"string.prototype.trimend": {
			"version": "1.0.4",
			"resolved": "https://registry.npmjs.org/string.prototype.trimend/-/string.prototype.trimend-1.0.4.tgz",
			"integrity": "sha512-y9xCjw1P23Awk8EvTpcyL2NIr1j7wJ39f+k6lvRnSMz+mz9CGz9NYPelDk42kOz6+ql8xjfK8oYzy3jAP5QU5A==",
			"dev": true,
			"requires": {
				"call-bind": "^1.0.2",
				"define-properties": "^1.1.3"
			}
		},
		"string.prototype.trimstart": {
			"version": "1.0.4",
			"resolved": "https://registry.npmjs.org/string.prototype.trimstart/-/string.prototype.trimstart-1.0.4.tgz",
			"integrity": "sha512-jh6e984OBfvxS50tdY2nRZnoC5/mLFKOREQfw8t5yytkoUsJRNxvI/E39qu1sD0OtWI3OC0XgKSmcWwziwYuZw==",
			"dev": true,
			"requires": {
				"call-bind": "^1.0.2",
				"define-properties": "^1.1.3"
			}
		},
		"tslib": {
			"version": "2.3.0",
			"resolved": "https://registry.npmjs.org/tslib/-/tslib-2.3.0.tgz",
			"integrity": "sha512-N82ooyxVNm6h1riLCoyS9e3fuJ3AMG2zIZs2Gd1ATcSFjSA23Q0fzjjZeh0jbJvWVDZ0cJT8yaNNaaXHzueNjg==",
			"dev": true
		},
		"unbox-primitive": {
			"version": "1.0.1",
			"resolved": "https://registry.npmjs.org/unbox-primitive/-/unbox-primitive-1.0.1.tgz",
			"integrity": "sha512-tZU/3NqK3dA5gpE1KtyiJUrEB0lxnGkMFHptJ7q6ewdZ8s12QrODwNbhIJStmJkd1QDXa1NRA8aF2A1zk/Ypyw==",
			"dev": true,
			"requires": {
				"function-bind": "^1.1.1",
				"has-bigints": "^1.0.1",
				"has-symbols": "^1.0.2",
				"which-boxed-primitive": "^1.0.2"
			}
		},
		"which-boxed-primitive": {
			"version": "1.0.2",
			"resolved": "https://registry.npmjs.org/which-boxed-primitive/-/which-boxed-primitive-1.0.2.tgz",
			"integrity": "sha512-bwZdv0AKLpplFY2KZRX6TvyuN7ojjr7lwkg6ml0roIy9YeuSr7JS372qlNW18UQYzgYK9ziGcerWqZOmEn9VNg==",
			"dev": true,
			"requires": {
				"is-bigint": "^1.0.1",
				"is-boolean-object": "^1.1.0",
				"is-number-object": "^1.0.4",
				"is-string": "^1.0.5",
				"is-symbol": "^1.0.3"
			}
		}
	}
}
