{
	"name": "remark-lint-uppy",
	"version": "0.0.1",
	"lockfileVersion": 1,
	"requires": true,
	"dependencies": {
		"@types/unist": {
			"version": "2.0.3",
			"resolved": "https://registry.npmjs.org/@types/unist/-/unist-2.0.3.tgz",
			"integrity": "sha512-FvUupuM3rlRsRtCN+fDudtmytGO6iHJuuRKS1Ss0pG5z8oX0diNEw94UEL7hgDbpN94rgaK5R7sWm6RrSkZuAQ=="
		},
		"co": {
			"version": "3.1.0",
			"resolved": "https://registry.npmjs.org/co/-/co-3.1.0.tgz",
			"integrity": "sha1-TqVOpaCJOBUxheFSEMaNkJK8G3g="
		},
		"collapse-white-space": {
			"version": "1.0.6",
			"resolved": "https://registry.npmjs.org/collapse-white-space/-/collapse-white-space-1.0.6.tgz",
			"integrity": "sha512-jEovNnrhMuqyCcjfEJA56v0Xq8SkIoPKDyaHahwo3POf4qcSXqMYuwNcOTzp74vTsR9Tn08z4MxWqAhcekogkQ=="
		},
		"fault": {
			"version": "1.0.4",
			"resolved": "https://registry.npmjs.org/fault/-/fault-1.0.4.tgz",
			"integrity": "sha512-CJ0HCB5tL5fYTEA7ToAq5+kTwd++Borf1/bifxd9iT70QcXr4MRrO3Llf8Ifs70q+SJcGHFtnIE/Nw6giCtECA==",
			"requires": {
				"format": "^0.2.0"
			}
		},
		"format": {
			"version": "0.2.2",
			"resolved": "https://registry.npmjs.org/format/-/format-0.2.2.tgz",
			"integrity": "sha1-1hcBB+nv3E7TDJ3DkBbflCtctYs="
		},
		"mdast-comment-marker": {
			"version": "1.1.2",
			"resolved": "https://registry.npmjs.org/mdast-comment-marker/-/mdast-comment-marker-1.1.2.tgz",
			"integrity": "sha512-vTFXtmbbF3rgnTh3Zl3irso4LtvwUq/jaDvT2D1JqTGAwaipcS7RpTxzi6KjoRqI9n2yuAhzLDAC8xVTF3XYVQ=="
		},
		"mdast-util-heading-style": {
			"version": "1.0.6",
			"resolved": "https://registry.npmjs.org/mdast-util-heading-style/-/mdast-util-heading-style-1.0.6.tgz",
			"integrity": "sha512-8ZuuegRqS0KESgjAGW8zTx4tJ3VNIiIaGFNEzFpRSAQBavVc7AvOo9I4g3crcZBfYisHs4seYh0rAVimO6HyOw=="
		},
		"mdast-util-to-string": {
			"version": "1.1.0",
			"resolved": "https://registry.npmjs.org/mdast-util-to-string/-/mdast-util-to-string-1.1.0.tgz",
			"integrity": "sha512-jVU0Nr2B9X3MU4tSK7JP1CMkSvOj7X5l/GboG1tKRw52lLF1x2Ju92Ms9tNetCcbfX3hzlM73zYo2NKkWSfF/A=="
		},
		"pluralize": {
			"version": "8.0.0",
			"resolved": "https://registry.npmjs.org/pluralize/-/pluralize-8.0.0.tgz",
			"integrity": "sha512-Nc3IT5yHzflTfbjgqWcCPpo7DaKy4FnpB0l/zCAW0Tc7jxAiuqSxHasntB3D7887LSrA93kDJ9IXovxJYxyLCA=="
		},
		"remark-frontmatter": {
			"version": "2.0.0",
			"resolved": "https://registry.npmjs.org/remark-frontmatter/-/remark-frontmatter-2.0.0.tgz",
			"integrity": "sha512-uNOQt4tO14qBFWXenF0MLC4cqo3dv8qiHPGyjCl1rwOT0LomSHpcElbjjVh5CwzElInB38HD8aSRVugKQjeyHA==",
			"requires": {
				"fault": "^1.0.1"
			}
		},
		"remark-lint": {
			"version": "7.0.1",
			"resolved": "https://registry.npmjs.org/remark-lint/-/remark-lint-7.0.1.tgz",
			"integrity": "sha512-caZXo3qhuBxzvq9JSJFVQ/ERDq/6TJVgWn0KDwKOIJCGOuLXfQhby5XttUq+Rn7kLbNMtvwfWHJlte14LpaeXQ==",
			"requires": {
				"remark-message-control": "^6.0.0"
			}
		},
		"remark-lint-final-newline": {
			"version": "1.0.5",
			"resolved": "https://registry.npmjs.org/remark-lint-final-newline/-/remark-lint-final-newline-1.0.5.tgz",
			"integrity": "sha512-rfLlW8+Fz2dqnaEgU4JwLA55CQF1T4mfSs/GwkkeUCGPenvEYwSkCN2KO2Gr1dy8qPoOdTFE1rSufLjmeTW5HA==",
			"requires": {
				"unified-lint-rule": "^1.0.0"
			}
		},
		"remark-lint-hard-break-spaces": {
			"version": "2.0.1",
			"resolved": "https://registry.npmjs.org/remark-lint-hard-break-spaces/-/remark-lint-hard-break-spaces-2.0.1.tgz",
			"integrity": "sha512-Qfn/BMQFamHhtbfLrL8Co/dbYJFLRL4PGVXZ5wumkUO5f9FkZC2RsV+MD9lisvGTkJK0ZEJrVVeaPbUIFM0OAw==",
			"requires": {
				"unified-lint-rule": "^1.0.0",
				"unist-util-generated": "^1.1.0",
				"unist-util-position": "^3.0.0",
				"unist-util-visit": "^2.0.0"
			}
		},
		"remark-lint-no-auto-link-without-protocol": {
			"version": "2.0.1",
			"resolved": "https://registry.npmjs.org/remark-lint-no-auto-link-without-protocol/-/remark-lint-no-auto-link-without-protocol-2.0.1.tgz",
			"integrity": "sha512-TFcXxzucsfBb/5uMqGF1rQA+WJJqm1ZlYQXyvJEXigEZ8EAxsxZGPb/gOQARHl/y0vymAuYxMTaChavPKaBqpQ==",
			"requires": {
				"mdast-util-to-string": "^1.0.2",
				"unified-lint-rule": "^1.0.0",
				"unist-util-generated": "^1.1.0",
				"unist-util-position": "^3.0.0",
				"unist-util-visit": "^2.0.0"
			}
		},
		"remark-lint-no-blockquote-without-marker": {
			"version": "3.0.1",
			"resolved": "https://registry.npmjs.org/remark-lint-no-blockquote-without-marker/-/remark-lint-no-blockquote-without-marker-3.0.1.tgz",
			"integrity": "sha512-sM953+u0zN90SGd2V5hWcFbacbpaROUslS5Q5F7/aa66/2rAwh6zVnrXc4pf7fFOpj7I9Xa8Aw+uB+3RJWwdrQ==",
			"requires": {
				"unified-lint-rule": "^1.0.0",
				"unist-util-generated": "^1.1.0",
				"unist-util-position": "^3.0.0",
				"unist-util-visit": "^2.0.0",
				"vfile-location": "^3.0.0"
			}
		},
		"remark-lint-no-duplicate-definitions": {
			"version": "2.0.1",
			"resolved": "https://registry.npmjs.org/remark-lint-no-duplicate-definitions/-/remark-lint-no-duplicate-definitions-2.0.1.tgz",
			"integrity": "sha512-XL22benJZB01m+aOse91nsu1IMFqeWJWme9QvoJuxIcBROO1BG1VoqLOkwNcawE/M/0CkvTo5rfx0eMlcnXOIw==",
			"requires": {
				"unified-lint-rule": "^1.0.0",
				"unist-util-generated": "^1.1.0",
				"unist-util-position": "^3.0.0",
				"unist-util-stringify-position": "^2.0.0",
				"unist-util-visit": "^2.0.0"
			}
		},
		"remark-lint-no-heading-content-indent": {
			"version": "2.0.1",
			"resolved": "https://registry.npmjs.org/remark-lint-no-heading-content-indent/-/remark-lint-no-heading-content-indent-2.0.1.tgz",
			"integrity": "sha512-Jp0zCykGwg13z7XU4VuoFK7DN8bVZ1u3Oqu3hqECsH6LMASb0tW4zcTIc985kcVo3OQTRyb6KLQXL2ltOvppKA==",
			"requires": {
				"mdast-util-heading-style": "^1.0.2",
				"pluralize": "^8.0.0",
				"unified-lint-rule": "^1.0.0",
				"unist-util-generated": "^1.1.0",
				"unist-util-position": "^3.0.0",
				"unist-util-visit": "^2.0.0"
			}
		},
		"remark-lint-no-inline-padding": {
			"version": "2.0.1",
			"resolved": "https://registry.npmjs.org/remark-lint-no-inline-padding/-/remark-lint-no-inline-padding-2.0.1.tgz",
			"integrity": "sha512-a36UlPvRrLCgxjjG3YZA9VCDvLBcoBtGNyM04VeCPz+d9hHe+5Fs1C/jL+DRLCH7nff90jJ5C/9b8/LTwhjaWA==",
			"requires": {
				"mdast-util-to-string": "^1.0.2",
				"unified-lint-rule": "^1.0.0",
				"unist-util-generated": "^1.1.0",
				"unist-util-visit": "^2.0.0"
			}
		},
		"remark-lint-no-literal-urls": {
			"version": "2.0.1",
			"resolved": "https://registry.npmjs.org/remark-lint-no-literal-urls/-/remark-lint-no-literal-urls-2.0.1.tgz",
			"integrity": "sha512-IDdKtWOMuKVQIlb1CnsgBoyoTcXU3LppelDFAIZePbRPySVHklTtuK57kacgU5grc7gPM04bZV96eliGrRU7Iw==",
			"requires": {
				"mdast-util-to-string": "^1.0.2",
				"unified-lint-rule": "^1.0.0",
				"unist-util-generated": "^1.1.0",
				"unist-util-position": "^3.0.0",
				"unist-util-visit": "^2.0.0"
			}
		},
		"remark-lint-no-shortcut-reference-image": {
			"version": "2.0.1",
			"resolved": "https://registry.npmjs.org/remark-lint-no-shortcut-reference-image/-/remark-lint-no-shortcut-reference-image-2.0.1.tgz",
			"integrity": "sha512-2jcZBdnN6ecP7u87gkOVFrvICLXIU5OsdWbo160FvS/2v3qqqwF2e/n/e7D9Jd+KTq1mR1gEVVuTqkWWuh3cig==",
			"requires": {
				"unified-lint-rule": "^1.0.0",
				"unist-util-generated": "^1.1.0",
				"unist-util-visit": "^2.0.0"
			}
		},
		"remark-lint-no-shortcut-reference-link": {
			"version": "2.0.1",
			"resolved": "https://registry.npmjs.org/remark-lint-no-shortcut-reference-link/-/remark-lint-no-shortcut-reference-link-2.0.1.tgz",
			"integrity": "sha512-pTZbslG412rrwwGQkIboA8wpBvcjmGFmvugIA+UQR+GfFysKtJ5OZMPGJ98/9CYWjw9Z5m0/EktplZ5TjFjqwA==",
			"requires": {
				"unified-lint-rule": "^1.0.0",
				"unist-util-generated": "^1.1.0",
				"unist-util-visit": "^2.0.0"
			}
		},
		"remark-lint-no-undefined-references": {
			"version": "2.0.1",
			"resolved": "https://registry.npmjs.org/remark-lint-no-undefined-references/-/remark-lint-no-undefined-references-2.0.1.tgz",
			"integrity": "sha512-tXM2ctFnduC3QcskrIePUajcjtNtBmo2dvlj4aoQJtQy09Soav/rYngb8u/SgERc6Irdmm5s55UAwR9CcSrzVg==",
			"requires": {
				"collapse-white-space": "^1.0.4",
				"unified-lint-rule": "^1.0.0",
				"unist-util-generated": "^1.1.0",
				"unist-util-visit": "^2.0.0"
			}
		},
		"remark-lint-no-unused-definitions": {
			"version": "2.0.1",
			"resolved": "https://registry.npmjs.org/remark-lint-no-unused-definitions/-/remark-lint-no-unused-definitions-2.0.1.tgz",
			"integrity": "sha512-+BMc0BOjc364SvKYLkspmxDch8OaKPbnUGgQBvK0Bmlwy42baR4C9zhwAWBxm0SBy5Z4AyM4G4jKpLXPH40Oxg==",
			"requires": {
				"unified-lint-rule": "^1.0.0",
				"unist-util-generated": "^1.1.0",
				"unist-util-visit": "^2.0.0"
			}
		},
		"remark-lint-ordered-list-marker-style": {
			"version": "2.0.1",
			"resolved": "https://registry.npmjs.org/remark-lint-ordered-list-marker-style/-/remark-lint-ordered-list-marker-style-2.0.1.tgz",
			"integrity": "sha512-Cnpw1Dn9CHn+wBjlyf4qhPciiJroFOEGmyfX008sQ8uGoPZsoBVIJx76usnHklojSONbpjEDcJCjnOvfAcWW1A==",
			"requires": {
				"unified-lint-rule": "^1.0.0",
				"unist-util-generated": "^1.1.0",
				"unist-util-position": "^3.0.0",
				"unist-util-visit": "^2.0.0"
			}
		},
		"remark-message-control": {
			"version": "6.0.0",
			"resolved": "https://registry.npmjs.org/remark-message-control/-/remark-message-control-6.0.0.tgz",
			"integrity": "sha512-k9bt7BYc3G7YBdmeAhvd3VavrPa/XlKWR3CyHjr4sLO9xJyly8WHHT3Sp+8HPR8lEUv+/sZaffL7IjMLV0f6BA==",
			"requires": {
				"mdast-comment-marker": "^1.0.0",
				"unified-message-control": "^3.0.0"
			}
		},
		"sliced": {
			"version": "1.0.1",
			"resolved": "https://registry.npmjs.org/sliced/-/sliced-1.0.1.tgz",
			"integrity": "sha1-CzpmK10Ewxd7GSa+qCsD+Dei70E="
		},
		"unified-lint-rule": {
			"version": "1.0.6",
			"resolved": "https://registry.npmjs.org/unified-lint-rule/-/unified-lint-rule-1.0.6.tgz",
			"integrity": "sha512-YPK15YBFwnsVorDFG/u0cVVQN5G2a3V8zv5/N6KN3TCG+ajKtaALcy7u14DCSrJI+gZeyYquFL9cioJXOGXSvg==",
			"requires": {
				"wrapped": "^1.0.1"
			}
		},
		"unified-message-control": {
			"version": "3.0.3",
			"resolved": "https://registry.npmjs.org/unified-message-control/-/unified-message-control-3.0.3.tgz",
			"integrity": "sha512-oY5z2n8ugjpNHXOmcgrw0pQeJzavHS0VjPBP21tOcm7rc2C+5Q+kW9j5+gqtf8vfW/8sabbsK5+P+9QPwwEHDA==",
			"requires": {
				"unist-util-visit": "^2.0.0",
				"vfile-location": "^3.0.0"
			}
		},
		"unist-util-generated": {
			"version": "1.1.6",
			"resolved": "https://registry.npmjs.org/unist-util-generated/-/unist-util-generated-1.1.6.tgz",
			"integrity": "sha512-cln2Mm1/CZzN5ttGK7vkoGw+RZ8VcUH6BtGbq98DDtRGquAAOXig1mrBQYelOwMXYS8rK+vZDyyojSjp7JX+Lg=="
		},
		"unist-util-is": {
			"version": "4.1.0",
			"resolved": "https://registry.npmjs.org/unist-util-is/-/unist-util-is-4.1.0.tgz",
			"integrity": "sha512-ZOQSsnce92GrxSqlnEEseX0gi7GH9zTJZ0p9dtu87WRb/37mMPO2Ilx1s/t9vBHrFhbgweUwb+t7cIn5dxPhZg=="
		},
		"unist-util-position": {
			"version": "3.1.0",
			"resolved": "https://registry.npmjs.org/unist-util-position/-/unist-util-position-3.1.0.tgz",
			"integrity": "sha512-w+PkwCbYSFw8vpgWD0v7zRCl1FpY3fjDSQ3/N/wNd9Ffa4gPi8+4keqt99N3XW6F99t/mUzp2xAhNmfKWp95QA=="
		},
		"unist-util-stringify-position": {
			"version": "2.0.3",
			"resolved": "https://registry.npmjs.org/unist-util-stringify-position/-/unist-util-stringify-position-2.0.3.tgz",
			"integrity": "sha512-3faScn5I+hy9VleOq/qNbAd6pAx7iH5jYBMS9I1HgQVijz/4mv5Bvw5iw1sC/90CODiKo81G/ps8AJrISn687g==",
			"requires": {
				"@types/unist": "^2.0.2"
			}
		},
		"unist-util-visit": {
			"version": "2.0.3",
			"resolved": "https://registry.npmjs.org/unist-util-visit/-/unist-util-visit-2.0.3.tgz",
			"integrity": "sha512-iJ4/RczbJMkD0712mGktuGpm/U4By4FfDonL7N/9tATGIF4imikjOuagyMY53tnZq3NP6BcmlrHhEKAfGWjh7Q==",
			"requires": {
				"@types/unist": "^2.0.0",
				"unist-util-is": "^4.0.0",
				"unist-util-visit-parents": "^3.0.0"
			}
		},
		"unist-util-visit-parents": {
			"version": "3.1.1",
			"resolved": "https://registry.npmjs.org/unist-util-visit-parents/-/unist-util-visit-parents-3.1.1.tgz",
			"integrity": "sha512-1KROIZWo6bcMrZEwiH2UrXDyalAa0uqzWCxCJj6lPOvTve2WkfgCytoDTPaMnodXh1WrXOq0haVYHj99ynJlsg==",
			"requires": {
				"@types/unist": "^2.0.0",
				"unist-util-is": "^4.0.0"
			}
		},
		"vfile-location": {
			"version": "3.2.0",
			"resolved": "https://registry.npmjs.org/vfile-location/-/vfile-location-3.2.0.tgz",
			"integrity": "sha512-aLEIZKv/oxuCDZ8lkJGhuhztf/BW4M+iHdCwglA/eWc+vtuRFJj8EtgceYFX4LRjOhCAAiNHsKGssC6onJ+jbA=="
		},
		"wrapped": {
			"version": "1.0.1",
			"resolved": "https://registry.npmjs.org/wrapped/-/wrapped-1.0.1.tgz",
			"integrity": "sha1-x4PZ2Aeyc+mwHoUWgKk4yHyQckI=",
			"requires": {
				"co": "3.1.0",
				"sliced": "^1.0.1"
			}
		}
	}
}
