{
	"name": "@uppy/tus",
	"version": "0.27.2",
	"lockfileVersion": 1,
	"requires": true,
	"dependencies": {
		"buffer-from": {
			"version": "0.1.2",
			"resolved": "https://registry.npmjs.org/buffer-from/-/buffer-from-0.1.2.tgz",
			"integrity": "sha512-RiWIenusJsmI2KcvqQABB83tLxCByE3upSP8QU3rJDMVFGPWLvPQJt/O1Su9moRWeH7d+Q2HYb68f6+v+tw2vg=="
		},
		"extend": {
			"version": "3.0.2",
			"resolved": "https://registry.npmjs.org/extend/-/extend-3.0.2.tgz",
			"integrity": "sha512-fjquC59cD7CyW6urNXK0FBufkZcoiGG80wTuPujX590cB5Ttln20E2UB4S/WARVqhXffZl2LNgS+gQdPIIim/g=="
		},
		"lodash.throttle": {
			"version": "4.1.1",
			"resolved": "https://registry.npmjs.org/lodash.throttle/-/lodash.throttle-4.1.1.tgz",
			"integrity": "sha1-wj6RtxAkKscMN/HhzaknTMOb8vQ="
		},
		"resolve-url": {
			"version": "0.2.1",
			"resolved": "https://registry.npmjs.org/resolve-url/-/resolve-url-0.2.1.tgz",
			"integrity": "sha1-LGN/53yJOv0qZj/iGqkIAGjiBSo="
		},
		"tus-js-client": {
			"version": "1.5.1",
			"resolved": "https://registry.npmjs.org/tus-js-client/-/tus-js-client-1.5.1.tgz",
			"integrity": "sha512-qBSNXpc6ZPe6stn4NSkQ1dnVhVblPAtQo6037g5Qr5zr9gGX1gr+8e0+HtQMBp22Ouo6LYesWMdKbcOR5sRj5A==",
			"requires": {
				"buffer-from": "^0.1.1",
				"extend": "^3.0.0",
				"lodash.throttle": "^4.1.1",
				"resolve-url": "^0.2.1"
			}
		}
	}
}
