{
  "name": "@uppy/core",
  "version": "1.10.4",
  "lockfileVersion": 1,
  "requires": true,
  "dependencies": {
    "@transloadit/prettier-bytes": {
      "version": "0.0.7",
      "resolved": "https://registry.npmjs.org/@transloadit/prettier-bytes/-/prettier-bytes-0.0.7.tgz",
      "integrity": "sha512-VeJbUb0wEKbcwaSlj5n+LscBl9IPgLPkHVGBkh00cztv6X4L/TJXK58LzFuBKX7/GAfiGhIwH67YTLTlzvIzBA=="
    },
    "@uppy/store-default": {
      "version": "file:../store-default"
    },
    "@uppy/utils": {
      "version": "file:../utils",
      "requires": {
        "lodash.throttle": "^4.1.1"
      },
      "dependencies": {
        "lodash.throttle": {
          "version": "4.1.1",
          "resolved": "https://registry.npmjs.org/lodash.throttle/-/lodash.throttle-4.1.1.tgz",
          "integrity": "sha1-wj6RtxAkKscMN/HhzaknTMOb8vQ="
        }
      }
    },
    "cuid": {
      "version": "2.1.8",
      "resolved": "https://registry.npmjs.org/cuid/-/cuid-2.1.8.tgz",
      "integrity": "sha512-xiEMER6E7TlTPnDxrM4eRiC6TRgjNX9xzEZ5U/Se2YJKr7Mq4pJn/2XEHjl3STcSh96GmkHPcBXLES8M29wyyg=="
    },
    "lodash.throttle": {
      "version": "4.1.1",
      "resolved": "https://registry.npmjs.org/lodash.throttle/-/lodash.throttle-4.1.1.tgz",
      "integrity": "sha1-wj6RtxAkKscMN/HhzaknTMOb8vQ="
    },
    "mime-match": {
      "version": "1.0.2",
      "resolved": "https://registry.npmjs.org/mime-match/-/mime-match-1.0.2.tgz",
      "integrity": "sha1-P4fDHprxpf1IX7nbE0Qosju7e6g=",
      "requires": {
        "wildcard": "^1.1.0"
      }
    },
    "namespace-emitter": {
      "version": "2.0.1",
      "resolved": "https://registry.npmjs.org/namespace-emitter/-/namespace-emitter-2.0.1.tgz",
      "integrity": "sha512-N/sMKHniSDJBjfrkbS/tpkPj4RAbvW3mr8UAzvlMHyun93XEm83IAvhWtJVHo+RHn/oO8Job5YN4b+wRjSVp5g=="
    },
    "preact": {
      "version": "8.2.9",
      "resolved": "https://registry.npmjs.org/preact/-/preact-8.2.9.tgz",
      "integrity": "sha512-ThuGXBmJS3VsT+jIP+eQufD3L8pRw/PY3FoCys6O9Pu6aF12Pn9zAJDX99TfwRAFOCEKm/P0lwiPTbqKMJp0fA=="
    },
    "wildcard": {
      "version": "1.1.2",
      "resolved": "https://registry.npmjs.org/wildcard/-/wildcard-1.1.2.tgz",
      "integrity": "sha1-pwIEUwhNjNLv5wup02liY94XEKU="
    }
  }
}
