{
	"requires": true,
	"lockfileVersion": 1,
	"dependencies": {
		"cuid": {
			"version": "2.1.4",
			"resolved": "https://registry.npmjs.org/cuid/-/cuid-2.1.4.tgz",
			"integrity": "sha512-l1vrCiWOwBpu85bfm939Hg3MQh2alxAMoGZnjcJOYkgN7wzy9yi3vQhRzwcTr9mdIlfTp8DP9G5ZgIIPyaQEvg=="
		},
		"lodash.throttle": {
			"version": "4.1.1",
			"resolved": "https://registry.npmjs.org/lodash.throttle/-/lodash.throttle-4.1.1.tgz",
			"integrity": "sha1-wj6RtxAkKscMN/HhzaknTMOb8vQ="
		},
		"mime-match": {
			"version": "1.0.2",
			"resolved": "https://registry.npmjs.org/mime-match/-/mime-match-1.0.2.tgz",
			"integrity": "sha1-P4fDHprxpf1IX7nbE0Qosju7e6g=",
			"requires": {
				"wildcard": "^1.1.0"
			}
		},
		"namespace-emitter": {
			"version": "2.0.1",
			"resolved": "https://registry.npmjs.org/namespace-emitter/-/namespace-emitter-2.0.1.tgz",
			"integrity": "sha512-N/sMKHniSDJBjfrkbS/tpkPj4RAbvW3mr8UAzvlMHyun93XEm83IAvhWtJVHo+RHn/oO8Job5YN4b+wRjSVp5g=="
		},
		"preact": {
			"version": "8.4.2",
			"resolved": "https://registry.npmjs.org/preact/-/preact-8.4.2.tgz",
			"integrity": "sha512-TsINETWiisfB6RTk0wh3/mvxbGRvx+ljeBccZ4Z6MPFKgu/KFGyf2Bmw3Z/jlXhL5JlNKY6QAbA9PVyzIy9//A=="
		},
		"prettier-bytes": {
			"version": "1.0.4",
			"resolved": "https://registry.npmjs.org/prettier-bytes/-/prettier-bytes-1.0.4.tgz",
			"integrity": "sha1-mUsCqkb2mcULYle1+qp/4lV+YtY="
		},
		"wildcard": {
			"version": "1.1.2",
			"resolved": "https://registry.npmjs.org/wildcard/-/wildcard-1.1.2.tgz",
			"integrity": "sha1-pwIEUwhNjNLv5wup02liY94XEKU="
		}
	},
	"version": "1.8.2"
}
